// !$*UTF8*$!
{
	archiveVersion = 1;
	classes = {
	};
	objectVersion = 77;
	objects = {

/* Begin PBXBuildFile section */
		E4BDC0C32E72C7440002AF5B /* Assets.xcassets in Resources */ = {isa = PBXBuildFile; fileRef = E4BDC0B62E72C7440002AF5B /* Assets.xcassets */; };
		E4BDC0C92E72C7D30002AF5B /* OFL.txt in Resources */ = {isa = PBXBuildFile; fileRef = E4BDC0C72E72C7D30002AF5B /* OFL.txt */; };
		E4BDC0CA2E72C7D30002AF5B /* Jura.ttf in Resources */ = {isa = PBXBuildFile; fileRef = E4BDC0C62E72C7D30002AF5B /* Jura.ttf */; };
		E4BDC11B2E72C81C0002AF5B /* TransformationView.swift in Sources */ = {isa = PBXBuildFile; fileRef = E4BDC1162E72C81C0002AF5B /* TransformationView.swift */; };
		E4BDC11C2E72C81C0002AF5B /* ToolbarButtonImageView.swift in Sources */ = {isa = PBXBuildFile; fileRef = E4BDC0ED2E72C81C0002AF5B /* ToolbarButtonImageView.swift */; };
		E4BDC11D2E72C81C0002AF5B /* RowLabelView.swift in Sources */ = {isa = PBXBuildFile; fileRef = E4BDC0F52E72C81C0002AF5B /* RowLabelView.swift */; };
		E4BDC11E2E72C81C0002AF5B /* MainView.swift in Sources */ = {isa = PBXBuildFile; fileRef = E4BDC1132E72C81C0002AF5B /* MainView.swift */; };
		E4BDC11F2E72C81C0002AF5B /* ToolbarTextButtonView.swift in Sources */ = {isa = PBXBuildFile; fileRef = E4BDC0E72E72C81C0002AF5B /* ToolbarTextButtonView.swift */; };
		E4BDC1202E72C81C0002AF5B /* SubgoalSectionsView.swift in Sources */ = {isa = PBXBuildFile; fileRef = E4BDC0F82E72C81C0002AF5B /* SubgoalSectionsView.swift */; };
		E4BDC1212E72C81C0002AF5B /* Date+extension.swift in Sources */ = {isa = PBXBuildFile; fileRef = E4BDC0DA2E72C81C0002AF5B /* Date+extension.swift */; };
		E4BDC1222E72C81C0002AF5B /* ButtonMenuView.swift in Sources */ = {isa = PBXBuildFile; fileRef = E4BDC0EF2E72C81C0002AF5B /* ButtonMenuView.swift */; };
		E4BDC1232E72C81C0002AF5B /* TimesOfDay.swift in Sources */ = {isa = PBXBuildFile; fileRef = E4BDC0D22E72C81C0002AF5B /* TimesOfDay.swift */; };
		E4BDC1242E72C81C0002AF5B /* HistoryView.swift in Sources */ = {isa = PBXBuildFile; fileRef = E4BDC1092E72C81C0002AF5B /* HistoryView.swift */; };
		E4BDC1252E72C81C0002AF5B /* LifeAreas.swift in Sources */ = {isa = PBXBuildFile; fileRef = E4BDC0CF2E72C81C0002AF5B /* LifeAreas.swift */; };
		E4BDC1262E72C81C0002AF5B /* Persistence.swift in Sources */ = {isa = PBXBuildFile; fileRef = E4BDC0D72E72C81C0002AF5B /* Persistence.swift */; };
		E4BDC1272E72C81C0002AF5B /* RowTextView.swift in Sources */ = {isa = PBXBuildFile; fileRef = E4BDC0F62E72C81C0002AF5B /* RowTextView.swift */; };
		E4BDC1282E72C81C0002AF5B /* SubgoalTypes.swift in Sources */ = {isa = PBXBuildFile; fileRef = E4BDC0D02E72C81C0002AF5B /* SubgoalTypes.swift */; };
		E4BDC1292E72C81C0002AF5B /* DateGroupView.swift in Sources */ = {isa = PBXBuildFile; fileRef = E4BDC0E92E72C81C0002AF5B /* DateGroupView.swift */; };
		E4BDC12A2E72C81C0002AF5B /* GoalView.swift in Sources */ = {isa = PBXBuildFile; fileRef = E4BDC0FF2E72C81C0002AF5B /* GoalView.swift */; };
		E4BDC12B2E72C81C0002AF5B /* Tabs.swift in Sources */ = {isa = PBXBuildFile; fileRef = E4BDC0D12E72C81C0002AF5B /* Tabs.swift */; };
		E4BDC12C2E72C81C0002AF5B /* SubgoalFilter.swift in Sources */ = {isa = PBXBuildFile; fileRef = E4BDC0E02E72C81C0002AF5B /* SubgoalFilter.swift */; };
		E4BDC12D2E72C81C0002AF5B /* Constants.swift in Sources */ = {isa = PBXBuildFile; fileRef = E4BDC0E32E72C81C0002AF5B /* Constants.swift */; };
		E4BDC12E2E72C81C0002AF5B /* ContentView.swift in Sources */ = {isa = PBXBuildFile; fileRef = E4BDC1182E72C81C0002AF5B /* ContentView.swift */; };
		E4BDC12F2E72C81C0002AF5B /* Feelings.swift in Sources */ = {isa = PBXBuildFile; fileRef = E4BDC0CD2E72C81C0002AF5B /* Feelings.swift */; };
		E4BDC1302E72C81C0002AF5B /* TimeOfDayPickerView.swift in Sources */ = {isa = PBXBuildFile; fileRef = E4BDC1112E72C81C0002AF5B /* TimeOfDayPickerView.swift */; };
		E4BDC1312E72C81C0002AF5B /* CompletionView.swift in Sources */ = {isa = PBXBuildFile; fileRef = E4BDC0FD2E72C81C0002AF5B /* CompletionView.swift */; };
		E4BDC1322E72C81C0002AF5B /* LabeledDateView.swift in Sources */ = {isa = PBXBuildFile; fileRef = E4BDC0F22E72C81C0002AF5B /* LabeledDateView.swift */; };
		E4BDC1332E72C81C0002AF5B /* SaveSubgoalButtonView.swift in Sources */ = {isa = PBXBuildFile; fileRef = E4BDC1002E72C81C0002AF5B /* SaveSubgoalButtonView.swift */; };
		E4BDC1342E72C81C0002AF5B /* DetailGoalView.swift in Sources */ = {isa = PBXBuildFile; fileRef = E4BDC1042E72C81C0002AF5B /* DetailGoalView.swift */; };
		E4BDC1352E72C81C0002AF5B /* AxisOneApp.swift in Sources */ = {isa = PBXBuildFile; fileRef = E4BDC0CB2E72C81C0002AF5B /* AxisOneApp.swift */; };
		E4BDC1362E72C81C0002AF5B /* Environment+DataServices.swift in Sources */ = {isa = PBXBuildFile; fileRef = E4BDC0DB2E72C81C0002AF5B /* Environment+DataServices.swift */; };
		E4BDC1382E72C81C0002AF5B /* TextFieldView.swift in Sources */ = {isa = PBXBuildFile; fileRef = E4BDC0FA2E72C81C0002AF5B /* TextFieldView.swift */; };
		E4BDC1392E72C81C0002AF5B /* TabBarView.swift in Sources */ = {isa = PBXBuildFile; fileRef = E4BDC0F92E72C81C0002AF5B /* TabBarView.swift */; };
		E4BDC13A2E72C81C0002AF5B /* EmptyStateView.swift in Sources */ = {isa = PBXBuildFile; fileRef = E4BDC0F12E72C81C0002AF5B /* EmptyStateView.swift */; };
		E4BDC13C2E72C81C0002AF5B /* SwipeActionButtonView.swift in Sources */ = {isa = PBXBuildFile; fileRef = E4BDC0E62E72C81C0002AF5B /* SwipeActionButtonView.swift */; };
		E4BDC13D2E72C81C0002AF5B /* Shape+extension.swift in Sources */ = {isa = PBXBuildFile; fileRef = E4BDC0DC2E72C81C0002AF5B /* Shape+extension.swift */; };
		E4BDC13E2E72C81C0002AF5B /* AxisOne.xcdatamodeld in Sources */ = {isa = PBXBuildFile; fileRef = E4BDC0D42E72C81C0002AF5B /* AxisOne.xcdatamodeld */; };
		E4BDC13F2E72C81C0002AF5B /* MainNavigationBarView.swift in Sources */ = {isa = PBXBuildFile; fileRef = E4BDC10E2E72C81C0002AF5B /* MainNavigationBarView.swift */; };
		E4BDC1402E72C81C0002AF5B /* GoalListView.swift in Sources */ = {isa = PBXBuildFile; fileRef = E4BDC0FE2E72C81C0002AF5B /* GoalListView.swift */; };
		E4BDC1412E72C81C0002AF5B /* DeleteButtonView.swift in Sources */ = {isa = PBXBuildFile; fileRef = E4BDC0E52E72C81C0002AF5B /* DeleteButtonView.swift */; };
		E4BDC1422E72C81C0002AF5B /* DetailSubgoalView.swift in Sources */ = {isa = PBXBuildFile; fileRef = E4BDC1052E72C81C0002AF5B /* DetailSubgoalView.swift */; };
		E4BDC1432E72C81C0002AF5B /* SubgoalService.swift in Sources */ = {isa = PBXBuildFile; fileRef = E4BDC0D82E72C81C0002AF5B /* SubgoalService.swift */; };
		E4BDC1442E72C81C0002AF5B /* SettingsView.swift in Sources */ = {isa = PBXBuildFile; fileRef = E4BDC1142E72C81C0002AF5B /* SettingsView.swift */; };
		E4BDC1452E72C81C0002AF5B /* CheckmarkImageView.swift in Sources */ = {isa = PBXBuildFile; fileRef = E4BDC0EC2E72C81C0002AF5B /* CheckmarkImageView.swift */; };
		E4BDC1462E72C81C0002AF5B /* SubgoalView.swift in Sources */ = {isa = PBXBuildFile; fileRef = E4BDC1102E72C81C0002AF5B /* SubgoalView.swift */; };
		E4BDC1482E72C81C0002AF5B /* SubgoalTypeView.swift in Sources */ = {isa = PBXBuildFile; fileRef = E4BDC1152E72C81C0002AF5B /* SubgoalTypeView.swift */; };
		E4BDC1492E72C81C0002AF5B /* SubgoalSectionView.swift in Sources */ = {isa = PBXBuildFile; fileRef = E4BDC1012E72C81C0002AF5B /* SubgoalSectionView.swift */; };
		E4BDC14A2E72C81C0002AF5B /* GoalService.swift in Sources */ = {isa = PBXBuildFile; fileRef = E4BDC0D62E72C81C0002AF5B /* GoalService.swift */; };
		E4BDC14B2E72C81C0002AF5B /* TimeGroupView.swift in Sources */ = {isa = PBXBuildFile; fileRef = E4BDC0EA2E72C81C0002AF5B /* TimeGroupView.swift */; };
		E4BDC14C2E72C81C0002AF5B /* AnalysisView.swift in Sources */ = {isa = PBXBuildFile; fileRef = E4BDC1082E72C81C0002AF5B /* AnalysisView.swift */; };
		E4BDC14D2E72C81C0002AF5B /* CalendarScrollView.swift in Sources */ = {isa = PBXBuildFile; fileRef = E4BDC10D2E72C81C0002AF5B /* CalendarScrollView.swift */; };
		E4BDC14E2E72C81C0002AF5B /* SubgoalSorter.swift in Sources */ = {isa = PBXBuildFile; fileRef = E4BDC0E12E72C81C0002AF5B /* SubgoalSorter.swift */; };
		E4BDC14F2E72C81C0002AF5B /* GoalsView.swift in Sources */ = {isa = PBXBuildFile; fileRef = E4BDC1062E72C81C0002AF5B /* GoalsView.swift */; };
		E4BDC1512E72C81C0002AF5B /* SubgoalTypeSectionView.swift in Sources */ = {isa = PBXBuildFile; fileRef = E4BDC1022E72C81C0002AF5B /* SubgoalTypeSectionView.swift */; };
		E4BDC1522E72C81C0002AF5B /* JournalView.swift in Sources */ = {isa = PBXBuildFile; fileRef = E4BDC10A2E72C81C0002AF5B /* JournalView.swift */; };
		E4BDC1532E72C81C0002AF5B /* ReportView.swift in Sources */ = {isa = PBXBuildFile; fileRef = E4BDC10B2E72C81C0002AF5B /* ReportView.swift */; };
		E4BDC1542E72C81C0002AF5B /* SubgoalTypesView.swift in Sources */ = {isa = PBXBuildFile; fileRef = E4BDC10F2E72C81C0002AF5B /* SubgoalTypesView.swift */; };
		E4BDC1552E72C81C0002AF5B /* Frequencies.swift in Sources */ = {isa = PBXBuildFile; fileRef = E4BDC0CE2E72C81C0002AF5B /* Frequencies.swift */; };
		E4BDC1562E72C81C0002AF5B /* ToggleView.swift in Sources */ = {isa = PBXBuildFile; fileRef = E4BDC0FB2E72C81C0002AF5B /* ToggleView.swift */; };
		E4BDC1572E72C81C0002AF5B /* ReflectionFilter.swift in Sources */ = {isa = PBXBuildFile; fileRef = E4BDC0DF2E72C81C0002AF5B /* ReflectionFilter.swift */; };
		E4BDC1582E72C81C0002AF5B /* View+extension.swift in Sources */ = {isa = PBXBuildFile; fileRef = E4BDC0DD2E72C81C0002AF5B /* View+extension.swift */; };
		E4BDC15B2E72D77D0002AF5B /* TimeOfDaySectionView.swift in Sources */ = {isa = PBXBuildFile; fileRef = E4BDC15A2E72D77D0002AF5B /* TimeOfDaySectionView.swift */; };
		E4BDC15D2E72D8D60002AF5B /* SummarySectionView.swift in Sources */ = {isa = PBXBuildFile; fileRef = E4BDC15C2E72D8D60002AF5B /* SummarySectionView.swift */; };
/* End PBXBuildFile section */

/* Begin PBXFileReference section */
		E4BDC0A02E72C6A40002AF5B /* AxisOne.app */ = {isa = PBXFileReference; explicitFileType = wrapper.application; includeInIndex = 0; path = AxisOne.app; sourceTree = BUILT_PRODUCTS_DIR; };
		E4BDC0B62E72C7440002AF5B /* Assets.xcassets */ = {isa = PBXFileReference; lastKnownFileType = folder.assetcatalog; path = Assets.xcassets; sourceTree = "<group>"; };
		E4BDC0B72E72C7440002AF5B /* AxisOne.entitlements */ = {isa = PBXFileReference; lastKnownFileType = text.plist.entitlements; path = AxisOne.entitlements; sourceTree = "<group>"; };
		E4BDC0BB2E72C7440002AF5B /* Info.plist */ = {isa = PBXFileReference; lastKnownFileType = text.plist.xml; path = Info.plist; sourceTree = "<group>"; };
		E4BDC0C62E72C7D30002AF5B /* Jura.ttf */ = {isa = PBXFileReference; lastKnownFileType = file; path = Jura.ttf; sourceTree = "<group>"; };
		E4BDC0C72E72C7D30002AF5B /* OFL.txt */ = {isa = PBXFileReference; lastKnownFileType = text; path = OFL.txt; sourceTree = "<group>"; };
		E4BDC0CB2E72C81C0002AF5B /* AxisOneApp.swift */ = {isa = PBXFileReference; lastKnownFileType = sourcecode.swift; path = AxisOneApp.swift; sourceTree = "<group>"; };
		E4BDC0CD2E72C81C0002AF5B /* Feelings.swift */ = {isa = PBXFileReference; lastKnownFileType = sourcecode.swift; path = Feelings.swift; sourceTree = "<group>"; };
		E4BDC0CE2E72C81C0002AF5B /* Frequencies.swift */ = {isa = PBXFileReference; lastKnownFileType = sourcecode.swift; path = Frequencies.swift; sourceTree = "<group>"; };
		E4BDC0CF2E72C81C0002AF5B /* LifeAreas.swift */ = {isa = PBXFileReference; lastKnownFileType = sourcecode.swift; path = LifeAreas.swift; sourceTree = "<group>"; };
		E4BDC0D02E72C81C0002AF5B /* SubgoalTypes.swift */ = {isa = PBXFileReference; lastKnownFileType = sourcecode.swift; path = SubgoalTypes.swift; sourceTree = "<group>"; };
		E4BDC0D12E72C81C0002AF5B /* Tabs.swift */ = {isa = PBXFileReference; lastKnownFileType = sourcecode.swift; path = Tabs.swift; sourceTree = "<group>"; };
		E4BDC0D22E72C81C0002AF5B /* TimesOfDay.swift */ = {isa = PBXFileReference; lastKnownFileType = sourcecode.swift; path = TimesOfDay.swift; sourceTree = "<group>"; };
		E4BDC0D62E72C81C0002AF5B /* GoalService.swift */ = {isa = PBXFileReference; lastKnownFileType = sourcecode.swift; path = GoalService.swift; sourceTree = "<group>"; };
		E4BDC0D72E72C81C0002AF5B /* Persistence.swift */ = {isa = PBXFileReference; lastKnownFileType = sourcecode.swift; path = Persistence.swift; sourceTree = "<group>"; };
		E4BDC0D82E72C81C0002AF5B /* SubgoalService.swift */ = {isa = PBXFileReference; lastKnownFileType = sourcecode.swift; path = SubgoalService.swift; sourceTree = "<group>"; };
		E4BDC0DA2E72C81C0002AF5B /* Date+extension.swift */ = {isa = PBXFileReference; lastKnownFileType = sourcecode.swift; path = "Date+extension.swift"; sourceTree = "<group>"; };
		E4BDC0DB2E72C81C0002AF5B /* Environment+DataServices.swift */ = {isa = PBXFileReference; lastKnownFileType = sourcecode.swift; path = "Environment+DataServices.swift"; sourceTree = "<group>"; };
		E4BDC0DC2E72C81C0002AF5B /* Shape+extension.swift */ = {isa = PBXFileReference; lastKnownFileType = sourcecode.swift; path = "Shape+extension.swift"; sourceTree = "<group>"; };
		E4BDC0DD2E72C81C0002AF5B /* View+extension.swift */ = {isa = PBXFileReference; lastKnownFileType = sourcecode.swift; path = "View+extension.swift"; sourceTree = "<group>"; };
		E4BDC0DF2E72C81C0002AF5B /* ReflectionFilter.swift */ = {isa = PBXFileReference; lastKnownFileType = sourcecode.swift; path = ReflectionFilter.swift; sourceTree = "<group>"; };
		E4BDC0E02E72C81C0002AF5B /* SubgoalFilter.swift */ = {isa = PBXFileReference; lastKnownFileType = sourcecode.swift; path = SubgoalFilter.swift; sourceTree = "<group>"; };
		E4BDC0E12E72C81C0002AF5B /* SubgoalSorter.swift */ = {isa = PBXFileReference; lastKnownFileType = sourcecode.swift; path = SubgoalSorter.swift; sourceTree = "<group>"; };
		E4BDC0E32E72C81C0002AF5B /* Constants.swift */ = {isa = PBXFileReference; lastKnownFileType = sourcecode.swift; path = Constants.swift; sourceTree = "<group>"; };
		E4BDC0E52E72C81C0002AF5B /* DeleteButtonView.swift */ = {isa = PBXFileReference; lastKnownFileType = sourcecode.swift; path = DeleteButtonView.swift; sourceTree = "<group>"; };
		E4BDC0E62E72C81C0002AF5B /* SwipeActionButtonView.swift */ = {isa = PBXFileReference; lastKnownFileType = sourcecode.swift; path = SwipeActionButtonView.swift; sourceTree = "<group>"; };
		E4BDC0E72E72C81C0002AF5B /* ToolbarTextButtonView.swift */ = {isa = PBXFileReference; lastKnownFileType = sourcecode.swift; path = ToolbarTextButtonView.swift; sourceTree = "<group>"; };
		E4BDC0E92E72C81C0002AF5B /* DateGroupView.swift */ = {isa = PBXFileReference; lastKnownFileType = sourcecode.swift; path = DateGroupView.swift; sourceTree = "<group>"; };
		E4BDC0EA2E72C81C0002AF5B /* TimeGroupView.swift */ = {isa = PBXFileReference; lastKnownFileType = sourcecode.swift; path = TimeGroupView.swift; sourceTree = "<group>"; };
		E4BDC0EC2E72C81C0002AF5B /* CheckmarkImageView.swift */ = {isa = PBXFileReference; lastKnownFileType = sourcecode.swift; path = CheckmarkImageView.swift; sourceTree = "<group>"; };
		E4BDC0ED2E72C81C0002AF5B /* ToolbarButtonImageView.swift */ = {isa = PBXFileReference; lastKnownFileType = sourcecode.swift; path = ToolbarButtonImageView.swift; sourceTree = "<group>"; };
		E4BDC0EF2E72C81C0002AF5B /* ButtonMenuView.swift */ = {isa = PBXFileReference; lastKnownFileType = sourcecode.swift; path = ButtonMenuView.swift; sourceTree = "<group>"; };
		E4BDC0F12E72C81C0002AF5B /* EmptyStateView.swift */ = {isa = PBXFileReference; lastKnownFileType = sourcecode.swift; path = EmptyStateView.swift; sourceTree = "<group>"; };
		E4BDC0F22E72C81C0002AF5B /* LabeledDateView.swift */ = {isa = PBXFileReference; lastKnownFileType = sourcecode.swift; path = LabeledDateView.swift; sourceTree = "<group>"; };
		E4BDC0F52E72C81C0002AF5B /* RowLabelView.swift */ = {isa = PBXFileReference; lastKnownFileType = sourcecode.swift; path = RowLabelView.swift; sourceTree = "<group>"; };
		E4BDC0F62E72C81C0002AF5B /* RowTextView.swift */ = {isa = PBXFileReference; lastKnownFileType = sourcecode.swift; path = RowTextView.swift; sourceTree = "<group>"; };
		E4BDC0F82E72C81C0002AF5B /* SubgoalSectionsView.swift */ = {isa = PBXFileReference; lastKnownFileType = sourcecode.swift; path = SubgoalSectionsView.swift; sourceTree = "<group>"; };
		E4BDC0F92E72C81C0002AF5B /* TabBarView.swift */ = {isa = PBXFileReference; lastKnownFileType = sourcecode.swift; path = TabBarView.swift; sourceTree = "<group>"; };
		E4BDC0FA2E72C81C0002AF5B /* TextFieldView.swift */ = {isa = PBXFileReference; lastKnownFileType = sourcecode.swift; path = TextFieldView.swift; sourceTree = "<group>"; };
		E4BDC0FB2E72C81C0002AF5B /* ToggleView.swift */ = {isa = PBXFileReference; lastKnownFileType = sourcecode.swift; path = ToggleView.swift; sourceTree = "<group>"; };
		E4BDC0FD2E72C81C0002AF5B /* CompletionView.swift */ = {isa = PBXFileReference; lastKnownFileType = sourcecode.swift; path = CompletionView.swift; sourceTree = "<group>"; };
		E4BDC0FE2E72C81C0002AF5B /* GoalListView.swift */ = {isa = PBXFileReference; lastKnownFileType = sourcecode.swift; path = GoalListView.swift; sourceTree = "<group>"; };
		E4BDC0FF2E72C81C0002AF5B /* GoalView.swift */ = {isa = PBXFileReference; lastKnownFileType = sourcecode.swift; path = GoalView.swift; sourceTree = "<group>"; };
		E4BDC1002E72C81C0002AF5B /* SaveSubgoalButtonView.swift */ = {isa = PBXFileReference; lastKnownFileType = sourcecode.swift; path = SaveSubgoalButtonView.swift; sourceTree = "<group>"; };
		E4BDC1012E72C81C0002AF5B /* SubgoalSectionView.swift */ = {isa = PBXFileReference; lastKnownFileType = sourcecode.swift; path = SubgoalSectionView.swift; sourceTree = "<group>"; };
		E4BDC1022E72C81C0002AF5B /* SubgoalTypeSectionView.swift */ = {isa = PBXFileReference; lastKnownFileType = sourcecode.swift; path = SubgoalTypeSectionView.swift; sourceTree = "<group>"; };
		E4BDC1042E72C81C0002AF5B /* DetailGoalView.swift */ = {isa = PBXFileReference; lastKnownFileType = sourcecode.swift; path = DetailGoalView.swift; sourceTree = "<group>"; };
		E4BDC1052E72C81C0002AF5B /* DetailSubgoalView.swift */ = {isa = PBXFileReference; lastKnownFileType = sourcecode.swift; path = DetailSubgoalView.swift; sourceTree = "<group>"; };
		E4BDC1062E72C81C0002AF5B /* GoalsView.swift */ = {isa = PBXFileReference; lastKnownFileType = sourcecode.swift; path = GoalsView.swift; sourceTree = "<group>"; };
		E4BDC1082E72C81C0002AF5B /* AnalysisView.swift */ = {isa = PBXFileReference; lastKnownFileType = sourcecode.swift; path = AnalysisView.swift; sourceTree = "<group>"; };
		E4BDC1092E72C81C0002AF5B /* HistoryView.swift */ = {isa = PBXFileReference; lastKnownFileType = sourcecode.swift; path = HistoryView.swift; sourceTree = "<group>"; };
		E4BDC10A2E72C81C0002AF5B /* JournalView.swift */ = {isa = PBXFileReference; lastKnownFileType = sourcecode.swift; path = JournalView.swift; sourceTree = "<group>"; };
		E4BDC10B2E72C81C0002AF5B /* ReportView.swift */ = {isa = PBXFileReference; lastKnownFileType = sourcecode.swift; path = ReportView.swift; sourceTree = "<group>"; };
		E4BDC10D2E72C81C0002AF5B /* CalendarScrollView.swift */ = {isa = PBXFileReference; lastKnownFileType = sourcecode.swift; path = CalendarScrollView.swift; sourceTree = "<group>"; };
		E4BDC10E2E72C81C0002AF5B /* MainNavigationBarView.swift */ = {isa = PBXFileReference; lastKnownFileType = sourcecode.swift; path = MainNavigationBarView.swift; sourceTree = "<group>"; };
		E4BDC10F2E72C81C0002AF5B /* SubgoalTypesView.swift */ = {isa = PBXFileReference; lastKnownFileType = sourcecode.swift; path = SubgoalTypesView.swift; sourceTree = "<group>"; };
		E4BDC1102E72C81C0002AF5B /* SubgoalView.swift */ = {isa = PBXFileReference; lastKnownFileType = sourcecode.swift; path = SubgoalView.swift; sourceTree = "<group>"; };
		E4BDC1112E72C81C0002AF5B /* TimeOfDayPickerView.swift */ = {isa = PBXFileReference; lastKnownFileType = sourcecode.swift; path = TimeOfDayPickerView.swift; sourceTree = "<group>"; };
		E4BDC1132E72C81C0002AF5B /* MainView.swift */ = {isa = PBXFileReference; lastKnownFileType = sourcecode.swift; path = MainView.swift; sourceTree = "<group>"; };
		E4BDC1142E72C81C0002AF5B /* SettingsView.swift */ = {isa = PBXFileReference; lastKnownFileType = sourcecode.swift; path = SettingsView.swift; sourceTree = "<group>"; };
		E4BDC1152E72C81C0002AF5B /* SubgoalTypeView.swift */ = {isa = PBXFileReference; lastKnownFileType = sourcecode.swift; path = SubgoalTypeView.swift; sourceTree = "<group>"; };
		E4BDC1162E72C81C0002AF5B /* TransformationView.swift */ = {isa = PBXFileReference; lastKnownFileType = sourcecode.swift; path = TransformationView.swift; sourceTree = "<group>"; };
		E4BDC1182E72C81C0002AF5B /* ContentView.swift */ = {isa = PBXFileReference; lastKnownFileType = sourcecode.swift; path = ContentView.swift; sourceTree = "<group>"; };
		E4BDC11A2E72C81C0002AF5B /* AxisOne.xcdatamodel */ = {isa = PBXFileReference; lastKnownFileType = wrapper.xcdatamodel; path = AxisOne.xcdatamodel; sourceTree = "<group>"; };
		E4BDC15A2E72D77D0002AF5B /* TimeOfDaySectionView.swift */ = {isa = PBXFileReference; lastKnownFileType = sourcecode.swift; path = TimeOfDaySectionView.swift; sourceTree = "<group>"; };
		E4BDC15C2E72D8D60002AF5B /* SummarySectionView.swift */ = {isa = PBXFileReference; lastKnownFileType = sourcecode.swift; path = SummarySectionView.swift; sourceTree = "<group>"; };
/* End PBXFileReference section */

/* Begin PBXFrameworksBuildPhase section */
		E4BDC09D2E72C6A40002AF5B /* Frameworks */ = {
			isa = PBXFrameworksBuildPhase;
			buildActionMask = 2147483647;
			files = (
			);
			runOnlyForDeploymentPostprocessing = 0;
		};
/* End PBXFrameworksBuildPhase section */

/* Begin PBXGroup section */
		E4BDC0972E72C6A40002AF5B = {
			isa = PBXGroup;
			children = (
				E4BDC0BD2E72C7440002AF5B /* AxisOne */,
				E4BDC0A12E72C6A40002AF5B /* Products */,
			);
			sourceTree = "<group>";
		};
		E4BDC0A12E72C6A40002AF5B /* Products */ = {
			isa = PBXGroup;
			children = (
				E4BDC0A02E72C6A40002AF5B /* AxisOne.app */,
			);
			name = Products;
			sourceTree = "<group>";
		};
		E4BDC0BD2E72C7440002AF5B /* AxisOne */ = {
			isa = PBXGroup;
			children = (
				E4BDC0CC2E72C81C0002AF5B /* App */,
				E4BDC0D52E72C81C0002AF5B /* Models */,
				E4BDC1192E72C81C0002AF5B /* Views */,
				E4BDC0E42E72C81C0002AF5B /* Utilities */,
				E4BDC0D92E72C81C0002AF5B /* Services */,
				E4BDC0C52E72C7490002AF5B /* Resources */,
			);
			path = AxisOne;
			sourceTree = "<group>";
		};
		E4BDC0C52E72C7490002AF5B /* Resources */ = {
			isa = PBXGroup;
			children = (
				E4BDC0C82E72C7D30002AF5B /* Fonts */,
				E4BDC0B62E72C7440002AF5B /* Assets.xcassets */,
				E4BDC0B72E72C7440002AF5B /* AxisOne.entitlements */,
				E4BDC0BB2E72C7440002AF5B /* Info.plist */,
			);
			path = Resources;
			sourceTree = "<group>";
		};
		E4BDC0C82E72C7D30002AF5B /* Fonts */ = {
			isa = PBXGroup;
			children = (
				E4BDC0C62E72C7D30002AF5B /* Jura.ttf */,
				E4BDC0C72E72C7D30002AF5B /* OFL.txt */,
			);
			path = Fonts;
			sourceTree = "<group>";
		};
		E4BDC0CC2E72C81C0002AF5B /* App */ = {
			isa = PBXGroup;
			children = (
				E4BDC0CB2E72C81C0002AF5B /* AxisOneApp.swift */,
			);
			path = App;
			sourceTree = "<group>";
		};
		E4BDC0D32E72C81C0002AF5B /* Enums */ = {
			isa = PBXGroup;
			children = (
				E4BDC0D12E72C81C0002AF5B /* Tabs.swift */,
				E4BDC0CF2E72C81C0002AF5B /* LifeAreas.swift */,
				E4BDC0D02E72C81C0002AF5B /* SubgoalTypes.swift */,
				E4BDC0CE2E72C81C0002AF5B /* Frequencies.swift */,
				E4BDC0D22E72C81C0002AF5B /* TimesOfDay.swift */,
				E4BDC0CD2E72C81C0002AF5B /* Feelings.swift */,
			);
			path = Enums;
			sourceTree = "<group>";
		};
		E4BDC0D52E72C81C0002AF5B /* Models */ = {
			isa = PBXGroup;
			children = (
				E4BDC0D32E72C81C0002AF5B /* Enums */,
				E4BDC0D42E72C81C0002AF5B /* AxisOne.xcdatamodeld */,
			);
			path = Models;
			sourceTree = "<group>";
		};
		E4BDC0D92E72C81C0002AF5B /* Services */ = {
			isa = PBXGroup;
			children = (
				E4BDC0D72E72C81C0002AF5B /* Persistence.swift */,
				E4BDC0D62E72C81C0002AF5B /* GoalService.swift */,
				E4BDC0D82E72C81C0002AF5B /* SubgoalService.swift */,
			);
			path = Services;
			sourceTree = "<group>";
		};
		E4BDC0DE2E72C81C0002AF5B /* Extensions */ = {
			isa = PBXGroup;
			children = (
				E4BDC0DB2E72C81C0002AF5B /* Environment+DataServices.swift */,
				E4BDC0DA2E72C81C0002AF5B /* Date+extension.swift */,
				E4BDC0DC2E72C81C0002AF5B /* Shape+extension.swift */,
				E4BDC0DD2E72C81C0002AF5B /* View+extension.swift */,
			);
			path = Extensions;
			sourceTree = "<group>";
		};
		E4BDC0E22E72C81C0002AF5B /* Helpers */ = {
			isa = PBXGroup;
			children = (
				E4BDC0E02E72C81C0002AF5B /* SubgoalFilter.swift */,
				E4BDC0E12E72C81C0002AF5B /* SubgoalSorter.swift */,
				E4BDC0DF2E72C81C0002AF5B /* ReflectionFilter.swift */,
			);
			path = Helpers;
			sourceTree = "<group>";
		};
		E4BDC0E42E72C81C0002AF5B /* Utilities */ = {
			isa = PBXGroup;
			children = (
				E4BDC0DE2E72C81C0002AF5B /* Extensions */,
				E4BDC0E22E72C81C0002AF5B /* Helpers */,
				E4BDC0E32E72C81C0002AF5B /* Constants.swift */,
			);
			path = Utilities;
			sourceTree = "<group>";
		};
		E4BDC0E82E72C81C0002AF5B /* ButtonViews */ = {
			isa = PBXGroup;
			children = (
				E4BDC0E72E72C81C0002AF5B /* ToolbarTextButtonView.swift */,
				E4BDC0E62E72C81C0002AF5B /* SwipeActionButtonView.swift */,
				E4BDC0E52E72C81C0002AF5B /* DeleteButtonView.swift */,
			);
			path = ButtonViews;
			sourceTree = "<group>";
		};
		E4BDC0EB2E72C81C0002AF5B /* GroupViews */ = {
			isa = PBXGroup;
			children = (
				E4BDC0E92E72C81C0002AF5B /* DateGroupView.swift */,
				E4BDC0EA2E72C81C0002AF5B /* TimeGroupView.swift */,
			);
			path = GroupViews;
			sourceTree = "<group>";
		};
		E4BDC0EE2E72C81C0002AF5B /* ImageViews */ = {
			isa = PBXGroup;
			children = (
				E4BDC0ED2E72C81C0002AF5B /* ToolbarButtonImageView.swift */,
				E4BDC0EC2E72C81C0002AF5B /* CheckmarkImageView.swift */,
			);
			path = ImageViews;
			sourceTree = "<group>";
		};
		E4BDC0FC2E72C81C0002AF5B /* Components */ = {
			isa = PBXGroup;
			children = (
				E4BDC0E82E72C81C0002AF5B /* ButtonViews */,
				E4BDC0EE2E72C81C0002AF5B /* ImageViews */,
				E4BDC0EB2E72C81C0002AF5B /* GroupViews */,
				E4BDC0F92E72C81C0002AF5B /* TabBarView.swift */,
				E4BDC0F12E72C81C0002AF5B /* EmptyStateView.swift */,
				E4BDC0F62E72C81C0002AF5B /* RowTextView.swift */,
				E4BDC0EF2E72C81C0002AF5B /* ButtonMenuView.swift */,
				E4BDC0FA2E72C81C0002AF5B /* TextFieldView.swift */,
				E4BDC0FB2E72C81C0002AF5B /* ToggleView.swift */,
				E4BDC0F52E72C81C0002AF5B /* RowLabelView.swift */,
				E4BDC0F22E72C81C0002AF5B /* LabeledDateView.swift */,
				E4BDC0F82E72C81C0002AF5B /* SubgoalSectionsView.swift */,
			);
			path = Components;
			sourceTree = "<group>";
		};
		E4BDC1032E72C81C0002AF5B /* Components */ = {
			isa = PBXGroup;
			children = (
				E4BDC0FE2E72C81C0002AF5B /* GoalListView.swift */,
				E4BDC0FF2E72C81C0002AF5B /* GoalView.swift */,
				E4BDC1012E72C81C0002AF5B /* SubgoalSectionView.swift */,
				E4BDC1022E72C81C0002AF5B /* SubgoalTypeSectionView.swift */,
				E4BDC0FD2E72C81C0002AF5B /* CompletionView.swift */,
				E4BDC1002E72C81C0002AF5B /* SaveSubgoalButtonView.swift */,
			);
			path = Components;
			sourceTree = "<group>";
		};
		E4BDC1072E72C81C0002AF5B /* GoalsModule */ = {
			isa = PBXGroup;
			children = (
				E4BDC1032E72C81C0002AF5B /* Components */,
				E4BDC1062E72C81C0002AF5B /* GoalsView.swift */,
				E4BDC1042E72C81C0002AF5B /* DetailGoalView.swift */,
				E4BDC1052E72C81C0002AF5B /* DetailSubgoalView.swift */,
			);
			path = GoalsModule;
			sourceTree = "<group>";
		};
		E4BDC10C2E72C81C0002AF5B /* JournalModule */ = {
			isa = PBXGroup;
			children = (
				E4BDC1592E72D7180002AF5B /* Components */,
				E4BDC10A2E72C81C0002AF5B /* JournalView.swift */,
				E4BDC1092E72C81C0002AF5B /* HistoryView.swift */,
				E4BDC1082E72C81C0002AF5B /* AnalysisView.swift */,
				E4BDC10B2E72C81C0002AF5B /* ReportView.swift */,
			);
			path = JournalModule;
			sourceTree = "<group>";
		};
		E4BDC1122E72C81C0002AF5B /* Components */ = {
			isa = PBXGroup;
			children = (
				E4BDC10E2E72C81C0002AF5B /* MainNavigationBarView.swift */,
				E4BDC10D2E72C81C0002AF5B /* CalendarScrollView.swift */,
				E4BDC10F2E72C81C0002AF5B /* SubgoalTypesView.swift */,
				E4BDC1112E72C81C0002AF5B /* TimeOfDayPickerView.swift */,
				E4BDC1102E72C81C0002AF5B /* SubgoalView.swift */,
			);
			path = Components;
			sourceTree = "<group>";
		};
		E4BDC1172E72C81C0002AF5B /* MainModule */ = {
			isa = PBXGroup;
			children = (
				E4BDC1122E72C81C0002AF5B /* Components */,
				E4BDC1132E72C81C0002AF5B /* MainView.swift */,
				E4BDC1152E72C81C0002AF5B /* SubgoalTypeView.swift */,
				E4BDC1162E72C81C0002AF5B /* TransformationView.swift */,
				E4BDC1142E72C81C0002AF5B /* SettingsView.swift */,
			);
			path = MainModule;
			sourceTree = "<group>";
		};
		E4BDC1192E72C81C0002AF5B /* Views */ = {
			isa = PBXGroup;
			children = (
				E4BDC0FC2E72C81C0002AF5B /* Components */,
				E4BDC1072E72C81C0002AF5B /* GoalsModule */,
				E4BDC1172E72C81C0002AF5B /* MainModule */,
				E4BDC10C2E72C81C0002AF5B /* JournalModule */,
				E4BDC1182E72C81C0002AF5B /* ContentView.swift */,
			);
			path = Views;
			sourceTree = "<group>";
		};
		E4BDC1592E72D7180002AF5B /* Components */ = {
			isa = PBXGroup;
			children = (
				E4BDC15A2E72D77D0002AF5B /* TimeOfDaySectionView.swift */,
				E4BDC15C2E72D8D60002AF5B /* SummarySectionView.swift */,
			);
			path = Components;
			sourceTree = "<group>";
		};
/* End PBXGroup section */

/* Begin PBXNativeTarget section */
		E4BDC09F2E72C6A40002AF5B /* AxisOne */ = {
			isa = PBXNativeTarget;
			buildConfigurationList = E4BDC0B12E72C6A50002AF5B /* Build configuration list for PBXNativeTarget "AxisOne" */;
			buildPhases = (
				E4BDC09C2E72C6A40002AF5B /* Sources */,
				E4BDC09D2E72C6A40002AF5B /* Frameworks */,
				E4BDC09E2E72C6A40002AF5B /* Resources */,
			);
			buildRules = (
			);
			dependencies = (
			);
			name = AxisOne;
			packageProductDependencies = (
			);
			productName = AxisOne;
			productReference = E4BDC0A02E72C6A40002AF5B /* AxisOne.app */;
			productType = "com.apple.product-type.application";
		};
/* End PBXNativeTarget section */

/* Begin PBXProject section */
		E4BDC0982E72C6A40002AF5B /* Project object */ = {
			isa = PBXProject;
			attributes = {
				BuildIndependentTargetsInParallel = 1;
				LastSwiftUpdateCheck = 1640;
				LastUpgradeCheck = 1640;
				TargetAttributes = {
					E4BDC09F2E72C6A40002AF5B = {
						CreatedOnToolsVersion = 16.4;
					};
				};
			};
			buildConfigurationList = E4BDC09B2E72C6A40002AF5B /* Build configuration list for PBXProject "AxisOne" */;
			developmentRegion = ru;
			hasScannedForEncodings = 0;
			knownRegions = (
				Base,
				ru,
			);
			mainGroup = E4BDC0972E72C6A40002AF5B;
			minimizedProjectReferenceProxies = 1;
			preferredProjectObjectVersion = 77;
			productRefGroup = E4BDC0A12E72C6A40002AF5B /* Products */;
			projectDirPath = "";
			projectRoot = "";
			targets = (
				E4BDC09F2E72C6A40002AF5B /* AxisOne */,
			);
		};
/* End PBXProject section */

/* Begin PBXResourcesBuildPhase section */
		E4BDC09E2E72C6A40002AF5B /* Resources */ = {
			isa = PBXResourcesBuildPhase;
			buildActionMask = 2147483647;
			files = (
				E4BDC0C92E72C7D30002AF5B /* OFL.txt in Resources */,
				E4BDC0CA2E72C7D30002AF5B /* Jura.ttf in Resources */,
				E4BDC0C32E72C7440002AF5B /* Assets.xcassets in Resources */,
			);
			runOnlyForDeploymentPostprocessing = 0;
		};
/* End PBXResourcesBuildPhase section */

/* Begin PBXSourcesBuildPhase section */
		E4BDC09C2E72C6A40002AF5B /* Sources */ = {
			isa = PBXSourcesBuildPhase;
			buildActionMask = 2147483647;
			files = (
				E4BDC11B2E72C81C0002AF5B /* TransformationView.swift in Sources */,
				E4BDC11C2E72C81C0002AF5B /* ToolbarButtonImageView.swift in Sources */,
				E4BDC11D2E72C81C0002AF5B /* RowLabelView.swift in Sources */,
				E4BDC11E2E72C81C0002AF5B /* MainView.swift in Sources */,
				E4BDC11F2E72C81C0002AF5B /* ToolbarTextButtonView.swift in Sources */,
				E4BDC1202E72C81C0002AF5B /* SubgoalSectionsView.swift in Sources */,
				E4BDC1212E72C81C0002AF5B /* Date+extension.swift in Sources */,
				E4BDC1222E72C81C0002AF5B /* ButtonMenuView.swift in Sources */,
				E4BDC1232E72C81C0002AF5B /* TimesOfDay.swift in Sources */,
				E4BDC1242E72C81C0002AF5B /* HistoryView.swift in Sources */,
				E4BDC1252E72C81C0002AF5B /* LifeAreas.swift in Sources */,
				E4BDC1262E72C81C0002AF5B /* Persistence.swift in Sources */,
				E4BDC1272E72C81C0002AF5B /* RowTextView.swift in Sources */,
				E4BDC1282E72C81C0002AF5B /* SubgoalTypes.swift in Sources */,
				E4BDC1292E72C81C0002AF5B /* DateGroupView.swift in Sources */,
				E4BDC12A2E72C81C0002AF5B /* GoalView.swift in Sources */,
				E4BDC12B2E72C81C0002AF5B /* Tabs.swift in Sources */,
				E4BDC12C2E72C81C0002AF5B /* SubgoalFilter.swift in Sources */,
				E4BDC12D2E72C81C0002AF5B /* Constants.swift in Sources */,
				E4BDC12E2E72C81C0002AF5B /* ContentView.swift in Sources */,
				E4BDC12F2E72C81C0002AF5B /* Feelings.swift in Sources */,
				E4BDC1302E72C81C0002AF5B /* TimeOfDayPickerView.swift in Sources */,
				E4BDC1312E72C81C0002AF5B /* CompletionView.swift in Sources */,
				E4BDC1322E72C81C0002AF5B /* LabeledDateView.swift in Sources */,
				E4BDC1332E72C81C0002AF5B /* SaveSubgoalButtonView.swift in Sources */,
				E4BDC15D2E72D8D60002AF5B /* SummarySectionView.swift in Sources */,
				E4BDC1342E72C81C0002AF5B /* DetailGoalView.swift in Sources */,
				E4BDC1352E72C81C0002AF5B /* AxisOneApp.swift in Sources */,
				E4BDC1362E72C81C0002AF5B /* Environment+DataServices.swift in Sources */,
				E4BDC1382E72C81C0002AF5B /* TextFieldView.swift in Sources */,
				E4BDC1392E72C81C0002AF5B /* TabBarView.swift in Sources */,
				E4BDC15B2E72D77D0002AF5B /* TimeOfDaySectionView.swift in Sources */,
				E4BDC13A2E72C81C0002AF5B /* EmptyStateView.swift in Sources */,
				E4BDC13C2E72C81C0002AF5B /* SwipeActionButtonView.swift in Sources */,
				E4BDC13D2E72C81C0002AF5B /* Shape+extension.swift in Sources */,
				E4BDC13E2E72C81C0002AF5B /* AxisOne.xcdatamodeld in Sources */,
				E4BDC13F2E72C81C0002AF5B /* MainNavigationBarView.swift in Sources */,
				E4BDC1402E72C81C0002AF5B /* GoalListView.swift in Sources */,
				E4BDC1412E72C81C0002AF5B /* DeleteButtonView.swift in Sources */,
				E4BDC1422E72C81C0002AF5B /* DetailSubgoalView.swift in Sources */,
				E4BDC1432E72C81C0002AF5B /* SubgoalService.swift in Sources */,
				E4BDC1442E72C81C0002AF5B /* SettingsView.swift in Sources */,
				E4BDC1452E72C81C0002AF5B /* CheckmarkImageView.swift in Sources */,
				E4BDC1462E72C81C0002AF5B /* SubgoalView.swift in Sources */,
				E4BDC1482E72C81C0002AF5B /* SubgoalTypeView.swift in Sources */,
				E4BDC1492E72C81C0002AF5B /* SubgoalSectionView.swift in Sources */,
				E4BDC14A2E72C81C0002AF5B /* GoalService.swift in Sources */,
				E4BDC14B2E72C81C0002AF5B /* TimeGroupView.swift in Sources */,
				E4BDC14C2E72C81C0002AF5B /* AnalysisView.swift in Sources */,
				E4BDC14D2E72C81C0002AF5B /* CalendarScrollView.swift in Sources */,
				E4BDC14E2E72C81C0002AF5B /* SubgoalSorter.swift in Sources */,
				E4BDC14F2E72C81C0002AF5B /* GoalsView.swift in Sources */,
				E4BDC1512E72C81C0002AF5B /* SubgoalTypeSectionView.swift in Sources */,
				E4BDC1522E72C81C0002AF5B /* JournalView.swift in Sources */,
				E4BDC1532E72C81C0002AF5B /* ReportView.swift in Sources */,
				E4BDC1542E72C81C0002AF5B /* SubgoalTypesView.swift in Sources */,
				E4BDC1552E72C81C0002AF5B /* Frequencies.swift in Sources */,
				E4BDC1562E72C81C0002AF5B /* ToggleView.swift in Sources */,
				E4BDC1572E72C81C0002AF5B /* ReflectionFilter.swift in Sources */,
				E4BDC1582E72C81C0002AF5B /* View+extension.swift in Sources */,
			);
			runOnlyForDeploymentPostprocessing = 0;
		};
/* End PBXSourcesBuildPhase section */

/* Begin XCBuildConfiguration section */
		E4BDC0B22E72C6A50002AF5B /* Debug */ = {
			isa = XCBuildConfiguration;
			buildSettings = {
				ASSETCATALOG_COMPILER_APPICON_NAME = AppIcon;
				ASSETCATALOG_COMPILER_GLOBAL_ACCENT_COLOR_NAME = AccentColor;
				CODE_SIGN_ENTITLEMENTS = AxisOne/Resources/AxisOne.entitlements;
				CODE_SIGN_STYLE = Automatic;
				CURRENT_PROJECT_VERSION = 1;
				DEVELOPMENT_TEAM = X7QDNJU74Z;
				ENABLE_PREVIEWS = YES;
				GENERATE_INFOPLIST_FILE = YES;
				INFOPLIST_FILE = AxisOne/Resources/Info.plist;
				INFOPLIST_KEY_UIApplicationSceneManifest_Generation = YES;
				INFOPLIST_KEY_UIApplicationSupportsIndirectInputEvents = YES;
				INFOPLIST_KEY_UILaunchScreen_Generation = YES;
				INFOPLIST_KEY_UISupportedInterfaceOrientations = UIInterfaceOrientationPortrait;
				INFOPLIST_KEY_UISupportedInterfaceOrientations_iPad = "UIInterfaceOrientationLandscapeLeft UIInterfaceOrientationLandscapeRight UIInterfaceOrientationPortrait UIInterfaceOrientationPortraitUpsideDown";
				IPHONEOS_DEPLOYMENT_TARGET = 17.6;
				LD_RUNPATH_SEARCH_PATHS = (
					"$(inherited)",
					"@executable_path/Frameworks",
				);
				MARKETING_VERSION = 1.0;
				PRODUCT_BUNDLE_IDENTIFIER = com.RuslanShigapov.AxisOne;
				PRODUCT_NAME = "$(TARGET_NAME)";
				SUPPORTED_PLATFORMS = "iphoneos iphonesimulator";
				SUPPORTS_MACCATALYST = NO;
				SUPPORTS_MAC_DESIGNED_FOR_IPHONE_IPAD = NO;
				SUPPORTS_XR_DESIGNED_FOR_IPHONE_IPAD = NO;
				SWIFT_EMIT_LOC_STRINGS = YES;
				SWIFT_VERSION = 5.0;
				TARGETED_DEVICE_FAMILY = 1;
			};
			name = Debug;
		};
		E4BDC0B32E72C6A50002AF5B /* Release */ = {
			isa = XCBuildConfiguration;
			buildSettings = {
				ASSETCATALOG_COMPILER_APPICON_NAME = AppIcon;
				ASSETCATALOG_COMPILER_GLOBAL_ACCENT_COLOR_NAME = AccentColor;
				CODE_SIGN_ENTITLEMENTS = AxisOne/Resources/AxisOne.entitlements;
				CODE_SIGN_STYLE = Automatic;
				CURRENT_PROJECT_VERSION = 1;
				DEVELOPMENT_TEAM = X7QDNJU74Z;
				ENABLE_PREVIEWS = YES;
				GENERATE_INFOPLIST_FILE = YES;
				INFOPLIST_FILE = AxisOne/Resources/Info.plist;
				INFOPLIST_KEY_UIApplicationSceneManifest_Generation = YES;
				INFOPLIST_KEY_UIApplicationSupportsIndirectInputEvents = YES;
				INFOPLIST_KEY_UILaunchScreen_Generation = YES;
				INFOPLIST_KEY_UISupportedInterfaceOrientations = UIInterfaceOrientationPortrait;
				INFOPLIST_KEY_UISupportedInterfaceOrientations_iPad = "UIInterfaceOrientationLandscapeLeft UIInterfaceOrientationLandscapeRight UIInterfaceOrientationPortrait UIInterfaceOrientationPortraitUpsideDown";
				IPHONEOS_DEPLOYMENT_TARGET = 17.6;
				LD_RUNPATH_SEARCH_PATHS = (
					"$(inherited)",
					"@executable_path/Frameworks",
				);
				MARKETING_VERSION = 1.0;
				PRODUCT_BUNDLE_IDENTIFIER = com.RuslanShigapov.AxisOne;
				PRODUCT_NAME = "$(TARGET_NAME)";
				SUPPORTED_PLATFORMS = "iphoneos iphonesimulator";
				SUPPORTS_MACCATALYST = NO;
				SUPPORTS_MAC_DESIGNED_FOR_IPHONE_IPAD = NO;
				SUPPORTS_XR_DESIGNED_FOR_IPHONE_IPAD = NO;
				SWIFT_EMIT_LOC_STRINGS = YES;
				SWIFT_VERSION = 5.0;
				TARGETED_DEVICE_FAMILY = 1;
			};
			name = Release;
		};
		E4BDC0B42E72C6A50002AF5B /* Debug */ = {
			isa = XCBuildConfiguration;
			buildSettings = {
				ALWAYS_SEARCH_USER_PATHS = NO;
				ASSETCATALOG_COMPILER_GENERATE_SWIFT_ASSET_SYMBOL_EXTENSIONS = YES;
				CLANG_ANALYZER_NONNULL = YES;
				CLANG_ANALYZER_NUMBER_OBJECT_CONVERSION = YES_AGGRESSIVE;
				CLANG_CXX_LANGUAGE_STANDARD = "gnu++20";
				CLANG_ENABLE_MODULES = YES;
				CLANG_ENABLE_OBJC_ARC = YES;
				CLANG_ENABLE_OBJC_WEAK = YES;
				CLANG_WARN_BLOCK_CAPTURE_AUTORELEASING = YES;
				CLANG_WARN_BOOL_CONVERSION = YES;
				CLANG_WARN_COMMA = YES;
				CLANG_WARN_CONSTANT_CONVERSION = YES;
				CLANG_WARN_DEPRECATED_OBJC_IMPLEMENTATIONS = YES;
				CLANG_WARN_DIRECT_OBJC_ISA_USAGE = YES_ERROR;
				CLANG_WARN_DOCUMENTATION_COMMENTS = YES;
				CLANG_WARN_EMPTY_BODY = YES;
				CLANG_WARN_ENUM_CONVERSION = YES;
				CLANG_WARN_INFINITE_RECURSION = YES;
				CLANG_WARN_INT_CONVERSION = YES;
				CLANG_WARN_NON_LITERAL_NULL_CONVERSION = YES;
				CLANG_WARN_OBJC_IMPLICIT_RETAIN_SELF = YES;
				CLANG_WARN_OBJC_LITERAL_CONVERSION = YES;
				CLANG_WARN_OBJC_ROOT_CLASS = YES_ERROR;
				CLANG_WARN_QUOTED_INCLUDE_IN_FRAMEWORK_HEADER = YES;
				CLANG_WARN_RANGE_LOOP_ANALYSIS = YES;
				CLANG_WARN_STRICT_PROTOTYPES = YES;
				CLANG_WARN_SUSPICIOUS_MOVE = YES;
				CLANG_WARN_UNGUARDED_AVAILABILITY = YES_AGGRESSIVE;
				CLANG_WARN_UNREACHABLE_CODE = YES;
				CLANG_WARN__DUPLICATE_METHOD_MATCH = YES;
				COPY_PHASE_STRIP = NO;
				DEBUG_INFORMATION_FORMAT = dwarf;
				DEVELOPMENT_TEAM = X7QDNJU74Z;
				ENABLE_STRICT_OBJC_MSGSEND = YES;
				ENABLE_TESTABILITY = YES;
				ENABLE_USER_SCRIPT_SANDBOXING = YES;
				GCC_C_LANGUAGE_STANDARD = gnu17;
				GCC_DYNAMIC_NO_PIC = NO;
				GCC_NO_COMMON_BLOCKS = YES;
				GCC_OPTIMIZATION_LEVEL = 0;
				GCC_PREPROCESSOR_DEFINITIONS = (
					"DEBUG=1",
					"$(inherited)",
				);
				GCC_WARN_64_TO_32_BIT_CONVERSION = YES;
				GCC_WARN_ABOUT_RETURN_TYPE = YES_ERROR;
				GCC_WARN_UNDECLARED_SELECTOR = YES;
				GCC_WARN_UNINITIALIZED_AUTOS = YES_AGGRESSIVE;
				GCC_WARN_UNUSED_FUNCTION = YES;
				GCC_WARN_UNUSED_VARIABLE = YES;
				IPHONEOS_DEPLOYMENT_TARGET = 17.6;
				LOCALIZATION_PREFERS_STRING_CATALOGS = YES;
				MTL_ENABLE_DEBUG_INFO = INCLUDE_SOURCE;
				MTL_FAST_MATH = YES;
				ONLY_ACTIVE_ARCH = YES;
				SDKROOT = iphoneos;
				SWIFT_ACTIVE_COMPILATION_CONDITIONS = "DEBUG $(inherited)";
				SWIFT_OPTIMIZATION_LEVEL = "-Onone";
			};
			name = Debug;
		};
		E4BDC0B52E72C6A50002AF5B /* Release */ = {
			isa = XCBuildConfiguration;
			buildSettings = {
				ALWAYS_SEARCH_USER_PATHS = NO;
				ASSETCATALOG_COMPILER_GENERATE_SWIFT_ASSET_SYMBOL_EXTENSIONS = YES;
				CLANG_ANALYZER_NONNULL = YES;
				CLANG_ANALYZER_NUMBER_OBJECT_CONVERSION = YES_AGGRESSIVE;
				CLANG_CXX_LANGUAGE_STANDARD = "gnu++20";
				CLANG_ENABLE_MODULES = YES;
				CLANG_ENABLE_OBJC_ARC = YES;
				CLANG_ENABLE_OBJC_WEAK = YES;
				CLANG_WARN_BLOCK_CAPTURE_AUTORELEASING = YES;
				CLANG_WARN_BOOL_CONVERSION = YES;
				CLANG_WARN_COMMA = YES;
				CLANG_WARN_CONSTANT_CONVERSION = YES;
				CLANG_WARN_DEPRECATED_OBJC_IMPLEMENTATIONS = YES;
				CLANG_WARN_DIRECT_OBJC_ISA_USAGE = YES_ERROR;
				CLANG_WARN_DOCUMENTATION_COMMENTS = YES;
				CLANG_WARN_EMPTY_BODY = YES;
				CLANG_WARN_ENUM_CONVERSION = YES;
				CLANG_WARN_INFINITE_RECURSION = YES;
				CLANG_WARN_INT_CONVERSION = YES;
				CLANG_WARN_NON_LITERAL_NULL_CONVERSION = YES;
				CLANG_WARN_OBJC_IMPLICIT_RETAIN_SELF = YES;
				CLANG_WARN_OBJC_LITERAL_CONVERSION = YES;
				CLANG_WARN_OBJC_ROOT_CLASS = YES_ERROR;
				CLANG_WARN_QUOTED_INCLUDE_IN_FRAMEWORK_HEADER = YES;
				CLANG_WARN_RANGE_LOOP_ANALYSIS = YES;
				CLANG_WARN_STRICT_PROTOTYPES = YES;
				CLANG_WARN_SUSPICIOUS_MOVE = YES;
				CLANG_WARN_UNGUARDED_AVAILABILITY = YES_AGGRESSIVE;
				CLANG_WARN_UNREACHABLE_CODE = YES;
				CLANG_WARN__DUPLICATE_METHOD_MATCH = YES;
				COPY_PHASE_STRIP = NO;
				DEBUG_INFORMATION_FORMAT = "dwarf-with-dsym";
				DEVELOPMENT_TEAM = X7QDNJU74Z;
				ENABLE_NS_ASSERTIONS = NO;
				ENABLE_STRICT_OBJC_MSGSEND = YES;
				ENABLE_USER_SCRIPT_SANDBOXING = YES;
				GCC_C_LANGUAGE_STANDARD = gnu17;
				GCC_NO_COMMON_BLOCKS = YES;
				GCC_WARN_64_TO_32_BIT_CONVERSION = YES;
				GCC_WARN_ABOUT_RETURN_TYPE = YES_ERROR;
				GCC_WARN_UNDECLARED_SELECTOR = YES;
				GCC_WARN_UNINITIALIZED_AUTOS = YES_AGGRESSIVE;
				GCC_WARN_UNUSED_FUNCTION = YES;
				GCC_WARN_UNUSED_VARIABLE = YES;
				IPHONEOS_DEPLOYMENT_TARGET = 17.6;
				LOCALIZATION_PREFERS_STRING_CATALOGS = YES;
				MTL_ENABLE_DEBUG_INFO = NO;
				MTL_FAST_MATH = YES;
				SDKROOT = iphoneos;
				SWIFT_COMPILATION_MODE = wholemodule;
				VALIDATE_PRODUCT = YES;
			};
			name = Release;
		};
/* End XCBuildConfiguration section */

/* Begin XCConfigurationList section */
		E4BDC09B2E72C6A40002AF5B /* Build configuration list for PBXProject "AxisOne" */ = {
			isa = XCConfigurationList;
			buildConfigurations = (
				E4BDC0B42E72C6A50002AF5B /* Debug */,
				E4BDC0B52E72C6A50002AF5B /* Release */,
			);
			defaultConfigurationIsVisible = 0;
			defaultConfigurationName = Release;
		};
		E4BDC0B12E72C6A50002AF5B /* Build configuration list for PBXNativeTarget "AxisOne" */ = {
			isa = XCConfigurationList;
			buildConfigurations = (
				E4BDC0B22E72C6A50002AF5B /* Debug */,
				E4BDC0B32E72C6A50002AF5B /* Release */,
			);
			defaultConfigurationIsVisible = 0;
			defaultConfigurationName = Release;
		};
/* End XCConfigurationList section */

/* Begin XCVersionGroup section */
		E4BDC0D42E72C81C0002AF5B /* AxisOne.xcdatamodeld */ = {
			isa = XCVersionGroup;
			children = (
				E4BDC11A2E72C81C0002AF5B /* AxisOne.xcdatamodel */,
			);
			currentVersion = E4BDC11A2E72C81C0002AF5B /* AxisOne.xcdatamodel */;
			path = AxisOne.xcdatamodeld;
			sourceTree = "<group>";
			versionGroupType = wrapper.xcdatamodel;
		};
/* End XCVersionGroup section */
	};
	rootObject = E4BDC0982E72C6A40002AF5B /* Project object */;
}
