// !$*UTF8*$!
{
	archiveVersion = 1;
	classes = {
	};
	objectVersion = 77;
	objects = {

/* Begin PBXBuildFile section */
		E40E86CE2E10035800ED6DCA /* DetailSubgoalView.swift in Sources */ = {isa = PBXBuildFile; fileRef = E40E86CD2E10035800ED6DCA /* DetailSubgoalView.swift */; };
		E40E86D02E1025A900ED6DCA /* GoalView.swift in Sources */ = {isa = PBXBuildFile; fileRef = E40E86CF2E1025A900ED6DCA /* GoalView.swift */; };
		E4563B1A2E0FE4CA0075B178 /* GoalsView.swift in Sources */ = {isa = PBXBuildFile; fileRef = E4563B192E0FE4CA0075B178 /* GoalsView.swift */; };
		E4563B1C2E0FE4D30075B178 /* MainView.swift in Sources */ = {isa = PBXBuildFile; fileRef = E4563B1B2E0FE4D30075B178 /* MainView.swift */; };
		E4563B1E2E0FE4DE0075B178 /* JournalView.swift in Sources */ = {isa = PBXBuildFile; fileRef = E4563B1D2E0FE4DE0075B178 /* JournalView.swift */; };
		E4563B222E0FE5450075B178 /* Constants.swift in Sources */ = {isa = PBXBuildFile; fileRef = E4563B212E0FE5450075B178 /* Constants.swift */; };
		E4563B242E0FE96A0075B178 /* SettingsView.swift in Sources */ = {isa = PBXBuildFile; fileRef = E4563B232E0FE96A0075B178 /* SettingsView.swift */; };
		E45F9C5A2E3AA0CE00B1B9D7 /* SummaryView.swift in Sources */ = {isa = PBXBuildFile; fileRef = E45F9C592E3AA0CE00B1B9D7 /* SummaryView.swift */; };
		E45F9C5C2E3B635800B1B9D7 /* CalendarScrollView.swift in Sources */ = {isa = PBXBuildFile; fileRef = E45F9C5B2E3B635800B1B9D7 /* CalendarScrollView.swift */; };
		E493E69D2E19264E009CDDDE /* SubgoalView.swift in Sources */ = {isa = PBXBuildFile; fileRef = E493E69C2E19264E009CDDDE /* SubgoalView.swift */; };
		E493E69F2E19270F009CDDDE /* HistoryView.swift in Sources */ = {isa = PBXBuildFile; fileRef = E493E69E2E19270F009CDDDE /* HistoryView.swift */; };
		E493E6A12E1928DC009CDDDE /* AnalysisView.swift in Sources */ = {isa = PBXBuildFile; fileRef = E493E6A02E1928DC009CDDDE /* AnalysisView.swift */; };
		E49AA34A2E36595800D6DA71 /* InboxView.swift in Sources */ = {isa = PBXBuildFile; fileRef = E49AA3492E36595800D6DA71 /* InboxView.swift */; };
		E49ACC742E44EBDE00BC0EF4 /* NavigationBarTitleView.swift in Sources */ = {isa = PBXBuildFile; fileRef = E49ACC732E44EBDE00BC0EF4 /* NavigationBarTitleView.swift */; };
		E49ACC762E450E8E00BC0EF4 /* HeaderView.swift in Sources */ = {isa = PBXBuildFile; fileRef = E49ACC752E450E8E00BC0EF4 /* HeaderView.swift */; };
		E49ACC7A2E452BD200BC0EF4 /* RowLabelView.swift in Sources */ = {isa = PBXBuildFile; fileRef = E49ACC792E452BD200BC0EF4 /* RowLabelView.swift */; };
		E4C06C992E44A34100EB0A76 /* CheckmarkImageView.swift in Sources */ = {isa = PBXBuildFile; fileRef = E4C06C982E44A34100EB0A76 /* CheckmarkImageView.swift */; };
		E4C06C9D2E44A4CA00EB0A76 /* SwipeActionButtonView.swift in Sources */ = {isa = PBXBuildFile; fileRef = E4C06C9C2E44A4CA00EB0A76 /* SwipeActionButtonView.swift */; };
		E4C06C9F2E44B46900EB0A76 /* ListRowTextView.swift in Sources */ = {isa = PBXBuildFile; fileRef = E4C06C9E2E44B46900EB0A76 /* ListRowTextView.swift */; };
		E4C06CA12E44BFD500EB0A76 /* EmptyStateView.swift in Sources */ = {isa = PBXBuildFile; fileRef = E4C06CA02E44BFD500EB0A76 /* EmptyStateView.swift */; };
		E4C06CA32E44C19600EB0A76 /* NavBarImageButtonView.swift in Sources */ = {isa = PBXBuildFile; fileRef = E4C06CA22E44C19600EB0A76 /* NavBarImageButtonView.swift */; };
		E4C06CA52E44D28600EB0A76 /* TextFieldView.swift in Sources */ = {isa = PBXBuildFile; fileRef = E4C06CA42E44D28600EB0A76 /* TextFieldView.swift */; };
		E4C06CA72E44D64E00EB0A76 /* ButtonMenuView.swift in Sources */ = {isa = PBXBuildFile; fileRef = E4C06CA62E44D64E00EB0A76 /* ButtonMenuView.swift */; };
		E4C06CAB2E44E4C600EB0A76 /* HeaderWithToggleView.swift in Sources */ = {isa = PBXBuildFile; fileRef = E4C06CAA2E44E4C600EB0A76 /* HeaderWithToggleView.swift */; };
		E4C06CAD2E44E8DE00EB0A76 /* FooterView.swift in Sources */ = {isa = PBXBuildFile; fileRef = E4C06CAC2E44E8DE00EB0A76 /* FooterView.swift */; };
		E4C06CAF2E44E98B00EB0A76 /* DeleteButtonView.swift in Sources */ = {isa = PBXBuildFile; fileRef = E4C06CAE2E44E98B00EB0A76 /* DeleteButtonView.swift */; };
		E4CCAE322E45CFCB001703C9 /* SubgoalListView.swift in Sources */ = {isa = PBXBuildFile; fileRef = E4CCAE312E45CFCB001703C9 /* SubgoalListView.swift */; };
		E4CCAE342E45F0A0001703C9 /* SubgoalSorter.swift in Sources */ = {isa = PBXBuildFile; fileRef = E4CCAE332E45F0A0001703C9 /* SubgoalSorter.swift */; };
		E4CCAE382E46375D001703C9 /* CompletedSectionView.swift in Sources */ = {isa = PBXBuildFile; fileRef = E4CCAE372E46375D001703C9 /* CompletedSectionView.swift */; };
		E4CCAE3A2E4641E8001703C9 /* SubgoalTypeSectionView.swift in Sources */ = {isa = PBXBuildFile; fileRef = E4CCAE392E4641E8001703C9 /* SubgoalTypeSectionView.swift */; };
		E4CCAE3C2E47395D001703C9 /* NavBarLabelButtonView.swift in Sources */ = {isa = PBXBuildFile; fileRef = E4CCAE3B2E47395D001703C9 /* NavBarLabelButtonView.swift */; };
		E4CCAE402E475010001703C9 /* ToggleView.swift in Sources */ = {isa = PBXBuildFile; fileRef = E4CCAE3F2E475010001703C9 /* ToggleView.swift */; };
		E4CDF5F22E2BD778004A118C /* ReflectionFilter.swift in Sources */ = {isa = PBXBuildFile; fileRef = E4CDF5F12E2BD778004A118C /* ReflectionFilter.swift */; };
		E4EF52422E0FCFB400D5B7FE /* AxisOne.xcdatamodeld in Sources */ = {isa = PBXBuildFile; fileRef = E4EF523B2E0FCFB400D5B7FE /* AxisOne.xcdatamodeld */; };
		E4EF52432E0FCFB400D5B7FE /* AxisOneApp.swift in Sources */ = {isa = PBXBuildFile; fileRef = E4EF523C2E0FCFB400D5B7FE /* AxisOneApp.swift */; };
		E4EF52442E0FCFB400D5B7FE /* ContentView.swift in Sources */ = {isa = PBXBuildFile; fileRef = E4EF523D2E0FCFB400D5B7FE /* ContentView.swift */; };
		E4EF52452E0FCFB400D5B7FE /* Persistence.swift in Sources */ = {isa = PBXBuildFile; fileRef = E4EF523F2E0FCFB400D5B7FE /* Persistence.swift */; };
		E4EF52462E0FCFB400D5B7FE /* Assets.xcassets in Resources */ = {isa = PBXBuildFile; fileRef = E4EF52392E0FCFB400D5B7FE /* Assets.xcassets */; };
		E4F8124C2E0FF539007CDA87 /* DetailGoalView.swift in Sources */ = {isa = PBXBuildFile; fileRef = E4F8124B2E0FF539007CDA87 /* DetailGoalView.swift */; };
		E4FA157F2E24053800AF7873 /* SubgoalTypeView.swift in Sources */ = {isa = PBXBuildFile; fileRef = E4FA157E2E24053800AF7873 /* SubgoalTypeView.swift */; };
		E4FA15832E264BD300AF7873 /* SubgoalFilter.swift in Sources */ = {isa = PBXBuildFile; fileRef = E4FA15822E264BD300AF7873 /* SubgoalFilter.swift */; };
		E4FF634D2E38F936004A36A1 /* Jura.ttf in Resources */ = {isa = PBXBuildFile; fileRef = E4FF634C2E38F936004A36A1 /* Jura.ttf */; };
		E4FF63522E39230D004A36A1 /* OFL.txt in Resources */ = {isa = PBXBuildFile; fileRef = E4FF63502E39230D004A36A1 /* OFL.txt */; };
/* End PBXBuildFile section */

/* Begin PBXFileReference section */
		E40E86CD2E10035800ED6DCA /* DetailSubgoalView.swift */ = {isa = PBXFileReference; lastKnownFileType = sourcecode.swift; path = DetailSubgoalView.swift; sourceTree = "<group>"; };
		E40E86CF2E1025A900ED6DCA /* GoalView.swift */ = {isa = PBXFileReference; lastKnownFileType = sourcecode.swift; path = GoalView.swift; sourceTree = "<group>"; };
		E4563B192E0FE4CA0075B178 /* GoalsView.swift */ = {isa = PBXFileReference; lastKnownFileType = sourcecode.swift; path = GoalsView.swift; sourceTree = "<group>"; };
		E4563B1B2E0FE4D30075B178 /* MainView.swift */ = {isa = PBXFileReference; lastKnownFileType = sourcecode.swift; path = MainView.swift; sourceTree = "<group>"; };
		E4563B1D2E0FE4DE0075B178 /* JournalView.swift */ = {isa = PBXFileReference; lastKnownFileType = sourcecode.swift; path = JournalView.swift; sourceTree = "<group>"; };
		E4563B212E0FE5450075B178 /* Constants.swift */ = {isa = PBXFileReference; lastKnownFileType = sourcecode.swift; path = Constants.swift; sourceTree = "<group>"; };
		E4563B232E0FE96A0075B178 /* SettingsView.swift */ = {isa = PBXFileReference; lastKnownFileType = sourcecode.swift; path = SettingsView.swift; sourceTree = "<group>"; };
		E45F9C592E3AA0CE00B1B9D7 /* SummaryView.swift */ = {isa = PBXFileReference; lastKnownFileType = sourcecode.swift; path = SummaryView.swift; sourceTree = "<group>"; };
		E45F9C5B2E3B635800B1B9D7 /* CalendarScrollView.swift */ = {isa = PBXFileReference; lastKnownFileType = sourcecode.swift; path = CalendarScrollView.swift; sourceTree = "<group>"; };
		E493E69C2E19264E009CDDDE /* SubgoalView.swift */ = {isa = PBXFileReference; lastKnownFileType = sourcecode.swift; path = SubgoalView.swift; sourceTree = "<group>"; };
		E493E69E2E19270F009CDDDE /* HistoryView.swift */ = {isa = PBXFileReference; lastKnownFileType = sourcecode.swift; path = HistoryView.swift; sourceTree = "<group>"; };
		E493E6A02E1928DC009CDDDE /* AnalysisView.swift */ = {isa = PBXFileReference; lastKnownFileType = sourcecode.swift; path = AnalysisView.swift; sourceTree = "<group>"; };
		E49AA3492E36595800D6DA71 /* InboxView.swift */ = {isa = PBXFileReference; lastKnownFileType = sourcecode.swift; path = InboxView.swift; sourceTree = "<group>"; };
		E49ACC732E44EBDE00BC0EF4 /* NavigationBarTitleView.swift */ = {isa = PBXFileReference; lastKnownFileType = sourcecode.swift; path = NavigationBarTitleView.swift; sourceTree = "<group>"; };
		E49ACC752E450E8E00BC0EF4 /* HeaderView.swift */ = {isa = PBXFileReference; lastKnownFileType = sourcecode.swift; path = HeaderView.swift; sourceTree = "<group>"; };
		E49ACC792E452BD200BC0EF4 /* RowLabelView.swift */ = {isa = PBXFileReference; lastKnownFileType = sourcecode.swift; path = RowLabelView.swift; sourceTree = "<group>"; };
		E4C06C982E44A34100EB0A76 /* CheckmarkImageView.swift */ = {isa = PBXFileReference; lastKnownFileType = sourcecode.swift; path = CheckmarkImageView.swift; sourceTree = "<group>"; };
		E4C06C9C2E44A4CA00EB0A76 /* SwipeActionButtonView.swift */ = {isa = PBXFileReference; lastKnownFileType = sourcecode.swift; path = SwipeActionButtonView.swift; sourceTree = "<group>"; };
		E4C06C9E2E44B46900EB0A76 /* ListRowTextView.swift */ = {isa = PBXFileReference; lastKnownFileType = sourcecode.swift; path = ListRowTextView.swift; sourceTree = "<group>"; };
		E4C06CA02E44BFD500EB0A76 /* EmptyStateView.swift */ = {isa = PBXFileReference; lastKnownFileType = sourcecode.swift; path = EmptyStateView.swift; sourceTree = "<group>"; };
		E4C06CA22E44C19600EB0A76 /* NavBarImageButtonView.swift */ = {isa = PBXFileReference; lastKnownFileType = sourcecode.swift; path = NavBarImageButtonView.swift; sourceTree = "<group>"; };
		E4C06CA42E44D28600EB0A76 /* TextFieldView.swift */ = {isa = PBXFileReference; lastKnownFileType = sourcecode.swift; path = TextFieldView.swift; sourceTree = "<group>"; };
		E4C06CA62E44D64E00EB0A76 /* ButtonMenuView.swift */ = {isa = PBXFileReference; lastKnownFileType = sourcecode.swift; path = ButtonMenuView.swift; sourceTree = "<group>"; };
		E4C06CAA2E44E4C600EB0A76 /* HeaderWithToggleView.swift */ = {isa = PBXFileReference; lastKnownFileType = sourcecode.swift; path = HeaderWithToggleView.swift; sourceTree = "<group>"; };
		E4C06CAC2E44E8DE00EB0A76 /* FooterView.swift */ = {isa = PBXFileReference; lastKnownFileType = sourcecode.swift; path = FooterView.swift; sourceTree = "<group>"; };
		E4C06CAE2E44E98B00EB0A76 /* DeleteButtonView.swift */ = {isa = PBXFileReference; lastKnownFileType = sourcecode.swift; path = DeleteButtonView.swift; sourceTree = "<group>"; };
		E4CCAE312E45CFCB001703C9 /* SubgoalListView.swift */ = {isa = PBXFileReference; lastKnownFileType = sourcecode.swift; path = SubgoalListView.swift; sourceTree = "<group>"; };
		E4CCAE332E45F0A0001703C9 /* SubgoalSorter.swift */ = {isa = PBXFileReference; lastKnownFileType = sourcecode.swift; path = SubgoalSorter.swift; sourceTree = "<group>"; };
		E4CCAE372E46375D001703C9 /* CompletedSectionView.swift */ = {isa = PBXFileReference; lastKnownFileType = sourcecode.swift; path = CompletedSectionView.swift; sourceTree = "<group>"; };
		E4CCAE392E4641E8001703C9 /* SubgoalTypeSectionView.swift */ = {isa = PBXFileReference; lastKnownFileType = sourcecode.swift; path = SubgoalTypeSectionView.swift; sourceTree = "<group>"; };
		E4CCAE3B2E47395D001703C9 /* NavBarLabelButtonView.swift */ = {isa = PBXFileReference; lastKnownFileType = sourcecode.swift; path = NavBarLabelButtonView.swift; sourceTree = "<group>"; };
		E4CCAE3F2E475010001703C9 /* ToggleView.swift */ = {isa = PBXFileReference; lastKnownFileType = sourcecode.swift; path = ToggleView.swift; sourceTree = "<group>"; };
		E4CDF5F12E2BD778004A118C /* ReflectionFilter.swift */ = {isa = PBXFileReference; lastKnownFileType = sourcecode.swift; path = ReflectionFilter.swift; sourceTree = "<group>"; };
		E4EF52232E0EF53A00D5B7FE /* AxisOne.app */ = {isa = PBXFileReference; explicitFileType = wrapper.application; includeInIndex = 0; path = AxisOne.app; sourceTree = BUILT_PRODUCTS_DIR; };
		E4EF52392E0FCFB400D5B7FE /* Assets.xcassets */ = {isa = PBXFileReference; lastKnownFileType = folder.assetcatalog; path = Assets.xcassets; sourceTree = "<group>"; };
		E4EF523A2E0FCFB400D5B7FE /* AxisOne.entitlements */ = {isa = PBXFileReference; lastKnownFileType = text.plist.entitlements; path = AxisOne.entitlements; sourceTree = "<group>"; };
		E4EF523C2E0FCFB400D5B7FE /* AxisOneApp.swift */ = {isa = PBXFileReference; lastKnownFileType = sourcecode.swift; path = AxisOneApp.swift; sourceTree = "<group>"; };
		E4EF523D2E0FCFB400D5B7FE /* ContentView.swift */ = {isa = PBXFileReference; lastKnownFileType = sourcecode.swift; path = ContentView.swift; sourceTree = "<group>"; };
		E4EF523E2E0FCFB400D5B7FE /* Info.plist */ = {isa = PBXFileReference; lastKnownFileType = text.plist.xml; path = Info.plist; sourceTree = "<group>"; };
		E4EF523F2E0FCFB400D5B7FE /* Persistence.swift */ = {isa = PBXFileReference; lastKnownFileType = sourcecode.swift; path = Persistence.swift; sourceTree = "<group>"; };
		E4EF52412E0FCFB400D5B7FE /* AxisOne.xcdatamodel */ = {isa = PBXFileReference; lastKnownFileType = wrapper.xcdatamodel; path = AxisOne.xcdatamodel; sourceTree = "<group>"; };
		E4F8124B2E0FF539007CDA87 /* DetailGoalView.swift */ = {isa = PBXFileReference; lastKnownFileType = sourcecode.swift; path = DetailGoalView.swift; sourceTree = "<group>"; };
		E4FA157E2E24053800AF7873 /* SubgoalTypeView.swift */ = {isa = PBXFileReference; lastKnownFileType = sourcecode.swift; path = SubgoalTypeView.swift; sourceTree = "<group>"; };
		E4FA15822E264BD300AF7873 /* SubgoalFilter.swift */ = {isa = PBXFileReference; lastKnownFileType = sourcecode.swift; path = SubgoalFilter.swift; sourceTree = "<group>"; };
		E4FF634C2E38F936004A36A1 /* Jura.ttf */ = {isa = PBXFileReference; lastKnownFileType = file; path = Jura.ttf; sourceTree = "<group>"; };
		E4FF63502E39230D004A36A1 /* OFL.txt */ = {isa = PBXFileReference; lastKnownFileType = text; path = OFL.txt; sourceTree = "<group>"; };
/* End PBXFileReference section */

/* Begin PBXFrameworksBuildPhase section */
		E4EF52202E0EF53A00D5B7FE /* Frameworks */ = {
			isa = PBXFrameworksBuildPhase;
			buildActionMask = 2147483647;
			files = (
			);
			runOnlyForDeploymentPostprocessing = 0;
		};
/* End PBXFrameworksBuildPhase section */

/* Begin PBXGroup section */
		E4563B272E0FE9B10075B178 /* MainModule */ = {
			isa = PBXGroup;
			children = (
				E4563B1B2E0FE4D30075B178 /* MainView.swift */,
				E45F9C5B2E3B635800B1B9D7 /* CalendarScrollView.swift */,
				E4CCAE392E4641E8001703C9 /* SubgoalTypeSectionView.swift */,
				E493E69C2E19264E009CDDDE /* SubgoalView.swift */,
				E4FA157E2E24053800AF7873 /* SubgoalTypeView.swift */,
				E49AA3492E36595800D6DA71 /* InboxView.swift */,
				E4563B232E0FE96A0075B178 /* SettingsView.swift */,
			);
			path = MainModule;
			sourceTree = "<group>";
		};
		E4563B282E0FE9C90075B178 /* GoalsModule */ = {
			isa = PBXGroup;
			children = (
				E4563B192E0FE4CA0075B178 /* GoalsView.swift */,
				E40E86CF2E1025A900ED6DCA /* GoalView.swift */,
				E4F8124B2E0FF539007CDA87 /* DetailGoalView.swift */,
			);
			path = GoalsModule;
			sourceTree = "<group>";
		};
		E4563B292E0FEA050075B178 /* JournalModule */ = {
			isa = PBXGroup;
			children = (
				E4563B1D2E0FE4DE0075B178 /* JournalView.swift */,
				E45F9C592E3AA0CE00B1B9D7 /* SummaryView.swift */,
				E493E6A02E1928DC009CDDDE /* AnalysisView.swift */,
				E493E69E2E19270F009CDDDE /* HistoryView.swift */,
			);
			path = JournalModule;
			sourceTree = "<group>";
		};
		E4C06C972E44A32800EB0A76 /* Components */ = {
			isa = PBXGroup;
			children = (
				E4C06CA02E44BFD500EB0A76 /* EmptyStateView.swift */,
				E4C06CA22E44C19600EB0A76 /* NavBarImageButtonView.swift */,
				E4CCAE3B2E47395D001703C9 /* NavBarLabelButtonView.swift */,
				E4C06C982E44A34100EB0A76 /* CheckmarkImageView.swift */,
				E4C06C9E2E44B46900EB0A76 /* ListRowTextView.swift */,
				E4C06C9C2E44A4CA00EB0A76 /* SwipeActionButtonView.swift */,
				E4C06CA62E44D64E00EB0A76 /* ButtonMenuView.swift */,
				E4CCAE3F2E475010001703C9 /* ToggleView.swift */,
				E4C06CA42E44D28600EB0A76 /* TextFieldView.swift */,
				E4C06CAA2E44E4C600EB0A76 /* HeaderWithToggleView.swift */,
				E49ACC792E452BD200BC0EF4 /* RowLabelView.swift */,
				E4C06CAE2E44E98B00EB0A76 /* DeleteButtonView.swift */,
				E49ACC732E44EBDE00BC0EF4 /* NavigationBarTitleView.swift */,
				E49ACC752E450E8E00BC0EF4 /* HeaderView.swift */,
				E4C06CAC2E44E8DE00EB0A76 /* FooterView.swift */,
				E4CCAE312E45CFCB001703C9 /* SubgoalListView.swift */,
				E4CCAE372E46375D001703C9 /* CompletedSectionView.swift */,
			);
			path = Components;
			sourceTree = "<group>";
		};
		E4EF521A2E0EF53A00D5B7FE = {
			isa = PBXGroup;
			children = (
				E4EF52402E0FCFB400D5B7FE /* AxisOne */,
				E4EF52242E0EF53A00D5B7FE /* Products */,
			);
			sourceTree = "<group>";
		};
		E4EF52242E0EF53A00D5B7FE /* Products */ = {
			isa = PBXGroup;
			children = (
				E4EF52232E0EF53A00D5B7FE /* AxisOne.app */,
			);
			name = Products;
			sourceTree = "<group>";
		};
		E4EF52402E0FCFB400D5B7FE /* AxisOne */ = {
			isa = PBXGroup;
			children = (
				E4EF52482E0FCFB900D5B7FE /* App */,
				E4EF52492E0FCFC900D5B7FE /* Models */,
				E4EF524A2E0FCFD800D5B7FE /* Views */,
				E4EF524B2E0FCFE600D5B7FE /* Services */,
				E4EF524C2E0FCFED00D5B7FE /* Resources */,
			);
			path = AxisOne;
			sourceTree = "<group>";
		};
		E4EF52482E0FCFB900D5B7FE /* App */ = {
			isa = PBXGroup;
			children = (
				E4EF523C2E0FCFB400D5B7FE /* AxisOneApp.swift */,
			);
			path = App;
			sourceTree = "<group>";
		};
		E4EF52492E0FCFC900D5B7FE /* Models */ = {
			isa = PBXGroup;
			children = (
				E4EF523B2E0FCFB400D5B7FE /* AxisOne.xcdatamodeld */,
			);
			path = Models;
			sourceTree = "<group>";
		};
		E4EF524A2E0FCFD800D5B7FE /* Views */ = {
			isa = PBXGroup;
			children = (
				E4C06C972E44A32800EB0A76 /* Components */,
				E4563B282E0FE9C90075B178 /* GoalsModule */,
				E4563B272E0FE9B10075B178 /* MainModule */,
				E4563B292E0FEA050075B178 /* JournalModule */,
				E4EF523D2E0FCFB400D5B7FE /* ContentView.swift */,
				E40E86CD2E10035800ED6DCA /* DetailSubgoalView.swift */,
			);
			path = Views;
			sourceTree = "<group>";
		};
		E4EF524B2E0FCFE600D5B7FE /* Services */ = {
			isa = PBXGroup;
			children = (
				E4EF523F2E0FCFB400D5B7FE /* Persistence.swift */,
				E4FA15822E264BD300AF7873 /* SubgoalFilter.swift */,
				E4CCAE332E45F0A0001703C9 /* SubgoalSorter.swift */,
				E4CDF5F12E2BD778004A118C /* ReflectionFilter.swift */,
			);
			path = Services;
			sourceTree = "<group>";
		};
		E4EF524C2E0FCFED00D5B7FE /* Resources */ = {
			isa = PBXGroup;
			children = (
				E4FF634B2E38F926004A36A1 /* Fonts */,
				E4563B212E0FE5450075B178 /* Constants.swift */,
				E4EF52392E0FCFB400D5B7FE /* Assets.xcassets */,
				E4EF523A2E0FCFB400D5B7FE /* AxisOne.entitlements */,
				E4EF523E2E0FCFB400D5B7FE /* Info.plist */,
			);
			path = Resources;
			sourceTree = "<group>";
		};
		E4FF634B2E38F926004A36A1 /* Fonts */ = {
			isa = PBXGroup;
			children = (
				E4FF634C2E38F936004A36A1 /* Jura.ttf */,
				E4FF63502E39230D004A36A1 /* OFL.txt */,
			);
			path = Fonts;
			sourceTree = "<group>";
		};
/* End PBXGroup section */

/* Begin PBXNativeTarget section */
		E4EF52222E0EF53A00D5B7FE /* AxisOne */ = {
			isa = PBXNativeTarget;
			buildConfigurationList = E4EF52342E0EF53C00D5B7FE /* Build configuration list for PBXNativeTarget "AxisOne" */;
			buildPhases = (
				E4EF521F2E0EF53A00D5B7FE /* Sources */,
				E4EF52202E0EF53A00D5B7FE /* Frameworks */,
				E4EF52212E0EF53A00D5B7FE /* Resources */,
			);
			buildRules = (
			);
			dependencies = (
			);
			name = AxisOne;
			packageProductDependencies = (
			);
			productName = AxisOne;
			productReference = E4EF52232E0EF53A00D5B7FE /* AxisOne.app */;
			productType = "com.apple.product-type.application";
		};
/* End PBXNativeTarget section */

/* Begin PBXProject section */
		E4EF521B2E0EF53A00D5B7FE /* Project object */ = {
			isa = PBXProject;
			attributes = {
				BuildIndependentTargetsInParallel = 1;
				LastSwiftUpdateCheck = 1640;
				LastUpgradeCheck = 1640;
				TargetAttributes = {
					E4EF52222E0EF53A00D5B7FE = {
						CreatedOnToolsVersion = 16.4;
					};
				};
			};
			buildConfigurationList = E4EF521E2E0EF53A00D5B7FE /* Build configuration list for PBXProject "AxisOne" */;
			developmentRegion = ru;
			hasScannedForEncodings = 0;
			knownRegions = (
				Base,
				ru,
			);
			mainGroup = E4EF521A2E0EF53A00D5B7FE;
			minimizedProjectReferenceProxies = 1;
			preferredProjectObjectVersion = 77;
			productRefGroup = E4EF52242E0EF53A00D5B7FE /* Products */;
			projectDirPath = "";
			projectRoot = "";
			targets = (
				E4EF52222E0EF53A00D5B7FE /* AxisOne */,
			);
		};
/* End PBXProject section */

/* Begin PBXResourcesBuildPhase section */
		E4EF52212E0EF53A00D5B7FE /* Resources */ = {
			isa = PBXResourcesBuildPhase;
			buildActionMask = 2147483647;
			files = (
				E4FF63522E39230D004A36A1 /* OFL.txt in Resources */,
				E4EF52462E0FCFB400D5B7FE /* Assets.xcassets in Resources */,
				E4FF634D2E38F936004A36A1 /* Jura.ttf in Resources */,
			);
			runOnlyForDeploymentPostprocessing = 0;
		};
/* End PBXResourcesBuildPhase section */

/* Begin PBXSourcesBuildPhase section */
		E4EF521F2E0EF53A00D5B7FE /* Sources */ = {
			isa = PBXSourcesBuildPhase;
			buildActionMask = 2147483647;
			files = (
				E4CCAE3A2E4641E8001703C9 /* SubgoalTypeSectionView.swift in Sources */,
				E49ACC7A2E452BD200BC0EF4 /* RowLabelView.swift in Sources */,
				E4CCAE382E46375D001703C9 /* CompletedSectionView.swift in Sources */,
				E4C06C9D2E44A4CA00EB0A76 /* SwipeActionButtonView.swift in Sources */,
				E4CCAE342E45F0A0001703C9 /* SubgoalSorter.swift in Sources */,
				E493E69D2E19264E009CDDDE /* SubgoalView.swift in Sources */,
				E4EF52422E0FCFB400D5B7FE /* AxisOne.xcdatamodeld in Sources */,
				E4C06CAD2E44E8DE00EB0A76 /* FooterView.swift in Sources */,
				E4CCAE402E475010001703C9 /* ToggleView.swift in Sources */,
				E40E86CE2E10035800ED6DCA /* DetailSubgoalView.swift in Sources */,
				E4C06CAF2E44E98B00EB0A76 /* DeleteButtonView.swift in Sources */,
				E45F9C5C2E3B635800B1B9D7 /* CalendarScrollView.swift in Sources */,
				E49ACC762E450E8E00BC0EF4 /* HeaderView.swift in Sources */,
				E49ACC742E44EBDE00BC0EF4 /* NavigationBarTitleView.swift in Sources */,
				E4563B1C2E0FE4D30075B178 /* MainView.swift in Sources */,
				E4563B1A2E0FE4CA0075B178 /* GoalsView.swift in Sources */,
				E4563B242E0FE96A0075B178 /* SettingsView.swift in Sources */,
				E4C06CA52E44D28600EB0A76 /* TextFieldView.swift in Sources */,
				E49AA34A2E36595800D6DA71 /* InboxView.swift in Sources */,
				E4563B222E0FE5450075B178 /* Constants.swift in Sources */,
				E493E6A12E1928DC009CDDDE /* AnalysisView.swift in Sources */,
				E493E69F2E19270F009CDDDE /* HistoryView.swift in Sources */,
				E4C06CA12E44BFD500EB0A76 /* EmptyStateView.swift in Sources */,
				E4C06C9F2E44B46900EB0A76 /* ListRowTextView.swift in Sources */,
				E4FA15832E264BD300AF7873 /* SubgoalFilter.swift in Sources */,
				E4C06C992E44A34100EB0A76 /* CheckmarkImageView.swift in Sources */,
				E4CDF5F22E2BD778004A118C /* ReflectionFilter.swift in Sources */,
				E4EF52432E0FCFB400D5B7FE /* AxisOneApp.swift in Sources */,
				E4C06CAB2E44E4C600EB0A76 /* HeaderWithToggleView.swift in Sources */,
				E40E86D02E1025A900ED6DCA /* GoalView.swift in Sources */,
				E4FA157F2E24053800AF7873 /* SubgoalTypeView.swift in Sources */,
				E4CCAE3C2E47395D001703C9 /* NavBarLabelButtonView.swift in Sources */,
				E4563B1E2E0FE4DE0075B178 /* JournalView.swift in Sources */,
				E4CCAE322E45CFCB001703C9 /* SubgoalListView.swift in Sources */,
				E4EF52442E0FCFB400D5B7FE /* ContentView.swift in Sources */,
				E4C06CA32E44C19600EB0A76 /* NavBarImageButtonView.swift in Sources */,
				E45F9C5A2E3AA0CE00B1B9D7 /* SummaryView.swift in Sources */,
				E4C06CA72E44D64E00EB0A76 /* ButtonMenuView.swift in Sources */,
				E4F8124C2E0FF539007CDA87 /* DetailGoalView.swift in Sources */,
				E4EF52452E0FCFB400D5B7FE /* Persistence.swift in Sources */,
			);
			runOnlyForDeploymentPostprocessing = 0;
		};
/* End PBXSourcesBuildPhase section */

/* Begin XCBuildConfiguration section */
		E4EF52352E0EF53C00D5B7FE /* Debug */ = {
			isa = XCBuildConfiguration;
			buildSettings = {
				ASSETCATALOG_COMPILER_APPICON_NAME = AppIcon;
				ASSETCATALOG_COMPILER_GLOBAL_ACCENT_COLOR_NAME = AccentColor;
				CODE_SIGN_ENTITLEMENTS = AxisOne/Resources/AxisOne.entitlements;
				CODE_SIGN_STYLE = Automatic;
				CURRENT_PROJECT_VERSION = 1;
				DEVELOPMENT_TEAM = X7QDNJU74Z;
				ENABLE_PREVIEWS = YES;
				GENERATE_INFOPLIST_FILE = YES;
				INFOPLIST_FILE = AxisOne/Resources/Info.plist;
				INFOPLIST_KEY_CFBundleDisplayName = "Axis One";
				INFOPLIST_KEY_UIApplicationSceneManifest_Generation = YES;
				INFOPLIST_KEY_UIApplicationSupportsIndirectInputEvents = YES;
				INFOPLIST_KEY_UILaunchScreen_Generation = YES;
				INFOPLIST_KEY_UISupportedInterfaceOrientations = UIInterfaceOrientationPortrait;
				INFOPLIST_KEY_UISupportedInterfaceOrientations_iPad = "UIInterfaceOrientationLandscapeLeft UIInterfaceOrientationLandscapeRight UIInterfaceOrientationPortrait UIInterfaceOrientationPortraitUpsideDown";
				IPHONEOS_DEPLOYMENT_TARGET = 17.0;
				LD_RUNPATH_SEARCH_PATHS = (
					"$(inherited)",
					"@executable_path/Frameworks",
				);
				MARKETING_VERSION = 1.0;
				PRODUCT_BUNDLE_IDENTIFIER = com.RuslanShigapov.AxisOne;
				PRODUCT_NAME = "$(TARGET_NAME)";
				SUPPORTED_PLATFORMS = "iphoneos iphonesimulator";
				SUPPORTS_MACCATALYST = NO;
				SUPPORTS_MAC_DESIGNED_FOR_IPHONE_IPAD = NO;
				SUPPORTS_XR_DESIGNED_FOR_IPHONE_IPAD = NO;
				SWIFT_EMIT_LOC_STRINGS = YES;
				SWIFT_VERSION = 5.0;
				TARGETED_DEVICE_FAMILY = 1;
			};
			name = Debug;
		};
		E4EF52362E0EF53C00D5B7FE /* Release */ = {
			isa = XCBuildConfiguration;
			buildSettings = {
				ASSETCATALOG_COMPILER_APPICON_NAME = AppIcon;
				ASSETCATALOG_COMPILER_GLOBAL_ACCENT_COLOR_NAME = AccentColor;
				CODE_SIGN_ENTITLEMENTS = AxisOne/Resources/AxisOne.entitlements;
				CODE_SIGN_STYLE = Automatic;
				CURRENT_PROJECT_VERSION = 1;
				DEVELOPMENT_TEAM = X7QDNJU74Z;
				ENABLE_PREVIEWS = YES;
				GENERATE_INFOPLIST_FILE = YES;
				INFOPLIST_FILE = AxisOne/Resources/Info.plist;
				INFOPLIST_KEY_CFBundleDisplayName = "Axis One";
				INFOPLIST_KEY_UIApplicationSceneManifest_Generation = YES;
				INFOPLIST_KEY_UIApplicationSupportsIndirectInputEvents = YES;
				INFOPLIST_KEY_UILaunchScreen_Generation = YES;
				INFOPLIST_KEY_UISupportedInterfaceOrientations = UIInterfaceOrientationPortrait;
				INFOPLIST_KEY_UISupportedInterfaceOrientations_iPad = "UIInterfaceOrientationLandscapeLeft UIInterfaceOrientationLandscapeRight UIInterfaceOrientationPortrait UIInterfaceOrientationPortraitUpsideDown";
				IPHONEOS_DEPLOYMENT_TARGET = 17.0;
				LD_RUNPATH_SEARCH_PATHS = (
					"$(inherited)",
					"@executable_path/Frameworks",
				);
				MARKETING_VERSION = 1.0;
				PRODUCT_BUNDLE_IDENTIFIER = com.RuslanShigapov.AxisOne;
				PRODUCT_NAME = "$(TARGET_NAME)";
				SUPPORTED_PLATFORMS = "iphoneos iphonesimulator";
				SUPPORTS_MACCATALYST = NO;
				SUPPORTS_MAC_DESIGNED_FOR_IPHONE_IPAD = NO;
				SUPPORTS_XR_DESIGNED_FOR_IPHONE_IPAD = NO;
				SWIFT_EMIT_LOC_STRINGS = YES;
				SWIFT_VERSION = 5.0;
				TARGETED_DEVICE_FAMILY = 1;
			};
			name = Release;
		};
		E4EF52372E0EF53C00D5B7FE /* Debug */ = {
			isa = XCBuildConfiguration;
			buildSettings = {
				ALWAYS_SEARCH_USER_PATHS = NO;
				ASSETCATALOG_COMPILER_GENERATE_SWIFT_ASSET_SYMBOL_EXTENSIONS = YES;
				CLANG_ANALYZER_NONNULL = YES;
				CLANG_ANALYZER_NUMBER_OBJECT_CONVERSION = YES_AGGRESSIVE;
				CLANG_CXX_LANGUAGE_STANDARD = "gnu++20";
				CLANG_ENABLE_MODULES = YES;
				CLANG_ENABLE_OBJC_ARC = YES;
				CLANG_ENABLE_OBJC_WEAK = YES;
				CLANG_WARN_BLOCK_CAPTURE_AUTORELEASING = YES;
				CLANG_WARN_BOOL_CONVERSION = YES;
				CLANG_WARN_COMMA = YES;
				CLANG_WARN_CONSTANT_CONVERSION = YES;
				CLANG_WARN_DEPRECATED_OBJC_IMPLEMENTATIONS = YES;
				CLANG_WARN_DIRECT_OBJC_ISA_USAGE = YES_ERROR;
				CLANG_WARN_DOCUMENTATION_COMMENTS = YES;
				CLANG_WARN_EMPTY_BODY = YES;
				CLANG_WARN_ENUM_CONVERSION = YES;
				CLANG_WARN_INFINITE_RECURSION = YES;
				CLANG_WARN_INT_CONVERSION = YES;
				CLANG_WARN_NON_LITERAL_NULL_CONVERSION = YES;
				CLANG_WARN_OBJC_IMPLICIT_RETAIN_SELF = YES;
				CLANG_WARN_OBJC_LITERAL_CONVERSION = YES;
				CLANG_WARN_OBJC_ROOT_CLASS = YES_ERROR;
				CLANG_WARN_QUOTED_INCLUDE_IN_FRAMEWORK_HEADER = YES;
				CLANG_WARN_RANGE_LOOP_ANALYSIS = YES;
				CLANG_WARN_STRICT_PROTOTYPES = YES;
				CLANG_WARN_SUSPICIOUS_MOVE = YES;
				CLANG_WARN_UNGUARDED_AVAILABILITY = YES_AGGRESSIVE;
				CLANG_WARN_UNREACHABLE_CODE = YES;
				CLANG_WARN__DUPLICATE_METHOD_MATCH = YES;
				COPY_PHASE_STRIP = NO;
				DEBUG_INFORMATION_FORMAT = dwarf;
				DEVELOPMENT_TEAM = X7QDNJU74Z;
				ENABLE_STRICT_OBJC_MSGSEND = YES;
				ENABLE_TESTABILITY = YES;
				ENABLE_USER_SCRIPT_SANDBOXING = YES;
				GCC_C_LANGUAGE_STANDARD = gnu17;
				GCC_DYNAMIC_NO_PIC = NO;
				GCC_NO_COMMON_BLOCKS = YES;
				GCC_OPTIMIZATION_LEVEL = 0;
				GCC_PREPROCESSOR_DEFINITIONS = (
					"DEBUG=1",
					"$(inherited)",
				);
				GCC_WARN_64_TO_32_BIT_CONVERSION = YES;
				GCC_WARN_ABOUT_RETURN_TYPE = YES_ERROR;
				GCC_WARN_UNDECLARED_SELECTOR = YES;
				GCC_WARN_UNINITIALIZED_AUTOS = YES_AGGRESSIVE;
				GCC_WARN_UNUSED_FUNCTION = YES;
				GCC_WARN_UNUSED_VARIABLE = YES;
				IPHONEOS_DEPLOYMENT_TARGET = 17.6;
				LOCALIZATION_PREFERS_STRING_CATALOGS = YES;
				MTL_ENABLE_DEBUG_INFO = INCLUDE_SOURCE;
				MTL_FAST_MATH = YES;
				ONLY_ACTIVE_ARCH = YES;
				SDKROOT = iphoneos;
				SWIFT_ACTIVE_COMPILATION_CONDITIONS = "DEBUG $(inherited)";
				SWIFT_OPTIMIZATION_LEVEL = "-Onone";
			};
			name = Debug;
		};
		E4EF52382E0EF53C00D5B7FE /* Release */ = {
			isa = XCBuildConfiguration;
			buildSettings = {
				ALWAYS_SEARCH_USER_PATHS = NO;
				ASSETCATALOG_COMPILER_GENERATE_SWIFT_ASSET_SYMBOL_EXTENSIONS = YES;
				CLANG_ANALYZER_NONNULL = YES;
				CLANG_ANALYZER_NUMBER_OBJECT_CONVERSION = YES_AGGRESSIVE;
				CLANG_CXX_LANGUAGE_STANDARD = "gnu++20";
				CLANG_ENABLE_MODULES = YES;
				CLANG_ENABLE_OBJC_ARC = YES;
				CLANG_ENABLE_OBJC_WEAK = YES;
				CLANG_WARN_BLOCK_CAPTURE_AUTORELEASING = YES;
				CLANG_WARN_BOOL_CONVERSION = YES;
				CLANG_WARN_COMMA = YES;
				CLANG_WARN_CONSTANT_CONVERSION = YES;
				CLANG_WARN_DEPRECATED_OBJC_IMPLEMENTATIONS = YES;
				CLANG_WARN_DIRECT_OBJC_ISA_USAGE = YES_ERROR;
				CLANG_WARN_DOCUMENTATION_COMMENTS = YES;
				CLANG_WARN_EMPTY_BODY = YES;
				CLANG_WARN_ENUM_CONVERSION = YES;
				CLANG_WARN_INFINITE_RECURSION = YES;
				CLANG_WARN_INT_CONVERSION = YES;
				CLANG_WARN_NON_LITERAL_NULL_CONVERSION = YES;
				CLANG_WARN_OBJC_IMPLICIT_RETAIN_SELF = YES;
				CLANG_WARN_OBJC_LITERAL_CONVERSION = YES;
				CLANG_WARN_OBJC_ROOT_CLASS = YES_ERROR;
				CLANG_WARN_QUOTED_INCLUDE_IN_FRAMEWORK_HEADER = YES;
				CLANG_WARN_RANGE_LOOP_ANALYSIS = YES;
				CLANG_WARN_STRICT_PROTOTYPES = YES;
				CLANG_WARN_SUSPICIOUS_MOVE = YES;
				CLANG_WARN_UNGUARDED_AVAILABILITY = YES_AGGRESSIVE;
				CLANG_WARN_UNREACHABLE_CODE = YES;
				CLANG_WARN__DUPLICATE_METHOD_MATCH = YES;
				COPY_PHASE_STRIP = NO;
				DEBUG_INFORMATION_FORMAT = "dwarf-with-dsym";
				DEVELOPMENT_TEAM = X7QDNJU74Z;
				ENABLE_NS_ASSERTIONS = NO;
				ENABLE_STRICT_OBJC_MSGSEND = YES;
				ENABLE_USER_SCRIPT_SANDBOXING = YES;
				GCC_C_LANGUAGE_STANDARD = gnu17;
				GCC_NO_COMMON_BLOCKS = YES;
				GCC_WARN_64_TO_32_BIT_CONVERSION = YES;
				GCC_WARN_ABOUT_RETURN_TYPE = YES_ERROR;
				GCC_WARN_UNDECLARED_SELECTOR = YES;
				GCC_WARN_UNINITIALIZED_AUTOS = YES_AGGRESSIVE;
				GCC_WARN_UNUSED_FUNCTION = YES;
				GCC_WARN_UNUSED_VARIABLE = YES;
				IPHONEOS_DEPLOYMENT_TARGET = 17.6;
				LOCALIZATION_PREFERS_STRING_CATALOGS = YES;
				MTL_ENABLE_DEBUG_INFO = NO;
				MTL_FAST_MATH = YES;
				SDKROOT = iphoneos;
				SWIFT_COMPILATION_MODE = wholemodule;
				VALIDATE_PRODUCT = YES;
			};
			name = Release;
		};
/* End XCBuildConfiguration section */

/* Begin XCConfigurationList section */
		E4EF521E2E0EF53A00D5B7FE /* Build configuration list for PBXProject "AxisOne" */ = {
			isa = XCConfigurationList;
			buildConfigurations = (
				E4EF52372E0EF53C00D5B7FE /* Debug */,
				E4EF52382E0EF53C00D5B7FE /* Release */,
			);
			defaultConfigurationIsVisible = 0;
			defaultConfigurationName = Release;
		};
		E4EF52342E0EF53C00D5B7FE /* Build configuration list for PBXNativeTarget "AxisOne" */ = {
			isa = XCConfigurationList;
			buildConfigurations = (
				E4EF52352E0EF53C00D5B7FE /* Debug */,
				E4EF52362E0EF53C00D5B7FE /* Release */,
			);
			defaultConfigurationIsVisible = 0;
			defaultConfigurationName = Release;
		};
/* End XCConfigurationList section */

/* Begin XCVersionGroup section */
		E4EF523B2E0FCFB400D5B7FE /* AxisOne.xcdatamodeld */ = {
			isa = XCVersionGroup;
			children = (
				E4EF52412E0FCFB400D5B7FE /* AxisOne.xcdatamodel */,
			);
			currentVersion = E4EF52412E0FCFB400D5B7FE /* AxisOne.xcdatamodel */;
			path = AxisOne.xcdatamodeld;
			sourceTree = "<group>";
			versionGroupType = wrapper.xcdatamodel;
		};
/* End XCVersionGroup section */
	};
	rootObject = E4EF521B2E0EF53A00D5B7FE /* Project object */;
}
